<?xml version="1.0" encoding="utf-8"?>
<Project ToolsVersion="4.0" xmlns="http://schemas.microsoft.com/developer/msbuild/2003">
  <ItemGroup>
    <Filter Include="Source Files">
      <UniqueIdentifier>{4FC737F1-C7A5-4376-A066-2A32D752A2FF}</UniqueIdentifier>
      <Extensions>cpp;c;cc;cxx;def;odl;idl;hpj;bat;asm;asmx</Extensions>
    </Filter>
    <Filter Include="Source Files\DataSet">
      <UniqueIdentifier>{dafd3f34-cb09-4fc5-bc47-175575358a65}</UniqueIdentifier>
    </Filter>
    <Filter Include="Source Files\DatabaseClient">
      <UniqueIdentifier>{5950a57e-fd3d-4383-969d-a0c9429a764b}</UniqueIdentifier>
    </Filter>
    <Filter Include="Source Files\Main">
      <UniqueIdentifier>{02360673-5c32-42d4-aff4-54dbfc7d03b5}</UniqueIdentifier>
    </Filter>
    <Filter Include="Source Files\DataExceptions">
      <UniqueIdentifier>{a0066b0f-096e-4af6-905a-306c334deb5b}</UniqueIdentifier>
    </Filter>
    <Filter Include="Source Files\Database">
      <UniqueIdentifier>{2b82cc16-e0c9-432b-9315-76330405bb5f}</UniqueIdentifier>
    </Filter>
    <Filter Include="Source Files\DataProtocol">
      <UniqueIdentifier>{25ef4a98-4352-4c5f-9acf-5d32508c4239}</UniqueIdentifier>
    </Filter>
    <Filter Include="Generated Files">
      <UniqueIdentifier>{93995380-89BD-4b04-88EB-625FBE52EBFB}</UniqueIdentifier>
      <Extensions>h;hpp;hxx;hm;inl;inc;xsd</Extensions>
    </Filter>
    <Filter Include="Generated Files\Win32">
      <UniqueIdentifier>{595c9223-2ddf-4b38-b57f-cd835ff659cd}</UniqueIdentifier>
    </Filter>
    <Filter Include="Generated Files\Win32\Debug">
      <UniqueIdentifier>{244d9d9c-9837-4a5f-ad1b-bdfee8d6cdcb}</UniqueIdentifier>
    </Filter>
    <Filter Include="Generated Files\Win32\Debug\Database">
      <UniqueIdentifier>{5d4961b5-eb4e-4707-afa4-64965d2a43d6}</UniqueIdentifier>
    </Filter>
    <Filter Include="Generated Files\Win32\Debug\DatabaseClient">
      <UniqueIdentifier>{4e37ec74-03de-4673-b3b6-637ada4dd0db}</UniqueIdentifier>
    </Filter>
    <Filter Include="Generated Files\Win32\Debug\DataSet">
      <UniqueIdentifier>{d50b7ed3-b1d1-4006-ab34-6001e1b03e17}</UniqueIdentifier>
    </Filter>
    <Filter Include="Generated Files\Win32\Release">
      <UniqueIdentifier>{bbbc320e-8a5f-4538-becb-042eb122280e}</UniqueIdentifier>
    </Filter>
    <Filter Include="Generated Files\Win32\Release\Database">
      <UniqueIdentifier>{70bf04cc-7f5e-4aeb-8884-8b9bdb7cb53a}</UniqueIdentifier>
    </Filter>
    <Filter Include="Generated Files\Win32\Release\DatabaseClient">
      <UniqueIdentifier>{8864ebaf-d973-45a6-bf6f-3308acf9c409}</UniqueIdentifier>
    </Filter>
    <Filter Include="Generated Files\Win32\Release\DataSet">
      <UniqueIdentifier>{1b86e318-81d1-42c8-b45a-67014dc671e8}</UniqueIdentifier>
    </Filter>
    <Filter Include="Resource Files">
      <UniqueIdentifier>{67DA6AB6-F800-4c08-8B7A-83BB121AAD01}</UniqueIdentifier>
      <Extensions>rc;ico;cur;bmp;dlg;rc2;rct;bin;rgs;gif;jpg;jpeg;jpe;resx;tiff;tif;png;wav</Extensions>
    </Filter>
    <Filter Include="Include Files">
      <UniqueIdentifier>{55da4bfd-6cc6-4020-9bd0-e5d805469188}</UniqueIdentifier>
    </Filter>
    <Filter Include="Include Files\DatabaseClient">
      <UniqueIdentifier>{9de4eb94-62a1-43a4-a8ab-e3a80ebc31a9}</UniqueIdentifier>
    </Filter>
    <Filter Include="Include Files\DataExceptions">
      <UniqueIdentifier>{3ca30897-87ce-4889-ad72-caffc9620f3f}</UniqueIdentifier>
    </Filter>
    <Filter Include="Include Files\DataSet">
      <UniqueIdentifier>{4291b939-ac4e-44d6-a9c9-5f785c4c5d3e}</UniqueIdentifier>
    </Filter>
    <Filter Include="Include Files\Main">
      <UniqueIdentifier>{5c2cfe18-f614-4d11-adff-8f0ad2822624}</UniqueIdentifier>
    </Filter>
    <Filter Include="Include Files\Database">
      <UniqueIdentifier>{39651c2c-f363-4eac-907c-57072714c0c0}</UniqueIdentifier>
    </Filter>
    <Filter Include="Include Files\DataProtocol">
      <UniqueIdentifier>{ecee7930-2701-4fd6-8675-047ed3995f50}</UniqueIdentifier>
    </Filter>
    <Filter Include="Generated Files\x64">
      <UniqueIdentifier>{885f6af0-6730-4235-8574-94522061a73d}</UniqueIdentifier>
    </Filter>
    <Filter Include="Generated Files\x64\Debug">
      <UniqueIdentifier>{65637db1-78e2-4a1f-87a2-3c74e6322b19}</UniqueIdentifier>
    </Filter>
    <Filter Include="Generated Files\x64\Release">
      <UniqueIdentifier>{f5dce4b7-fbe8-4238-8c50-19f32c7ca623}</UniqueIdentifier>
    </Filter>
    <Filter Include="Generated Files\x64\Debug\Database">
      <UniqueIdentifier>{4761d061-3e36-4847-b3ba-55cf646989e3}</UniqueIdentifier>
    </Filter>
    <Filter Include="Generated Files\x64\Debug\DatabaseClient">
      <UniqueIdentifier>{1aaea389-46c1-4552-98e9-594d069214d9}</UniqueIdentifier>
    </Filter>
    <Filter Include="Generated Files\x64\Debug\DataSet">
      <UniqueIdentifier>{820ef27e-7adc-405e-ae16-f63de27689dd}</UniqueIdentifier>
    </Filter>
    <Filter Include="Generated Files\x64\Release\Database">
      <UniqueIdentifier>{7c6c249b-2d8c-469d-a4ca-ea1e42b42e7e}</UniqueIdentifier>
    </Filter>
    <Filter Include="Generated Files\x64\Release\DatabaseClient">
      <UniqueIdentifier>{b903d4df-74c6-4548-b605-fc4a0cf48654}</UniqueIdentifier>
    </Filter>
    <Filter Include="Generated Files\x64\Release\DataSet">
      <UniqueIdentifier>{5d0f5787-d006-4679-be9d-cd3adc68a1ab}</UniqueIdentifier>
    </Filter>
  </ItemGroup>
  <ItemGroup>
    <ClCompile Include="..\..\..\Source\Libs\ZSData\ZSDatabaseClient.cpp">
      <Filter>Source Files\DatabaseClient</Filter>
    </ClCompile>
    <ClCompile Include="..\..\..\Source\Libs\ZSData\ZSDatabaseClientGateway.cpp">
      <Filter>Source Files\DatabaseClient</Filter>
    </ClCompile>
    <ClCompile Include="..\..\..\Source\Libs\ZSData\ZSDatabaseClientGatewayThread.cpp">
      <Filter>Source Files\DatabaseClient</Filter>
    </ClCompile>
    <ClCompile Include="..\..\..\Source\Libs\ZSData\ZSDataAux.cpp">
      <Filter>Source Files\Main</Filter>
    </ClCompile>
    <ClCompile Include="..\..\..\Source\Libs\ZSData\ZSDataCommon.cpp">
      <Filter>Source Files\Main</Filter>
    </ClCompile>
    <ClCompile Include="..\..\..\Source\Libs\ZSData\ZSDataDllMain.cpp">
      <Filter>Source Files\Main</Filter>
    </ClCompile>
    <ClCompile Include="..\..\..\Source\Libs\ZSData\ZSDatabase.cpp">
      <Filter>Source Files\Database</Filter>
    </ClCompile>
    <ClCompile Include="..\..\..\Source\Libs\ZSData\ZSDatabaseGateway.cpp">
      <Filter>Source Files\Database</Filter>
    </ClCompile>
    <ClCompile Include="..\..\..\Source\Libs\ZSData\ZSDatabaseGatewayThread.cpp">
      <Filter>Source Files\Database</Filter>
    </ClCompile>
    <ClCompile Include="..\..\..\Source\Libs\ZSData\ZSDataChangeSet.cpp">
      <Filter>Source Files\DataProtocol</Filter>
    </ClCompile>
    <ClCompile Include="..\..\..\Source\Libs\ZSData\ZSDataMsg.cpp">
      <Filter>Source Files\DataProtocol</Filter>
    </ClCompile>
    <ClCompile Include="..\..\..\Source\Libs\ZSData\ZSDataProtocol.cpp">
      <Filter>Source Files\DataProtocol</Filter>
    </ClCompile>
    <ClCompile Include="..\..\..\Tmp\Moc\Libs\ZSData\Win32\Debug\moc_ZSDatabase.cpp">
      <Filter>Generated Files\Win32\Debug\Database</Filter>
    </ClCompile>
    <ClCompile Include="..\..\..\Tmp\Moc\Libs\ZSData\Win32\Debug\moc_ZSDatabaseClient.cpp">
      <Filter>Generated Files\Win32\Debug\DatabaseClient</Filter>
    </ClCompile>
    <ClCompile Include="..\..\..\Tmp\Moc\Libs\ZSData\Win32\Debug\moc_ZSDatabaseClientGateway.cpp">
      <Filter>Generated Files\Win32\Debug\DatabaseClient</Filter>
    </ClCompile>
    <ClCompile Include="..\..\..\Tmp\Moc\Libs\ZSData\Win32\Debug\moc_ZSDataSet.cpp">
      <Filter>Generated Files\Win32\Debug\DataSet</Filter>
    </ClCompile>
    <ClCompile Include="..\..\..\Tmp\Moc\Libs\ZSData\Win32\Debug\moc_ZSDataSetObject.cpp">
      <Filter>Generated Files\Win32\Debug\DataSet</Filter>
    </ClCompile>
    <ClCompile Include="..\..\..\Tmp\Moc\Libs\ZSData\Win32\Debug\moc_ZSDataSetObjGroup.cpp">
      <Filter>Generated Files\Win32\Debug\DataSet</Filter>
    </ClCompile>
    <ClCompile Include="..\..\..\Tmp\Moc\Libs\ZSData\Win32\Debug\moc_ZSDataTable.cpp">
      <Filter>Generated Files\Win32\Debug\DataSet</Filter>
    </ClCompile>
    <ClCompile Include="..\..\..\Tmp\Moc\Libs\ZSData\Win32\Release\moc_ZSDatabase.cpp">
      <Filter>Generated Files\Win32\Release\Database</Filter>
    </ClCompile>
    <ClCompile Include="..\..\..\Tmp\Moc\Libs\ZSData\Win32\Release\moc_ZSDatabaseClient.cpp">
      <Filter>Generated Files\Win32\Release\DatabaseClient</Filter>
    </ClCompile>
    <ClCompile Include="..\..\..\Tmp\Moc\Libs\ZSData\Win32\Release\moc_ZSDatabaseClientGateway.cpp">
      <Filter>Generated Files\Win32\Release\DatabaseClient</Filter>
    </ClCompile>
    <ClCompile Include="..\..\..\Tmp\Moc\Libs\ZSData\Win32\Release\moc_ZSDataSet.cpp">
      <Filter>Generated Files\Win32\Release\DataSet</Filter>
    </ClCompile>
    <ClCompile Include="..\..\..\Tmp\Moc\Libs\ZSData\Win32\Release\moc_ZSDataSetObject.cpp">
      <Filter>Generated Files\Win32\Release\DataSet</Filter>
    </ClCompile>
    <ClCompile Include="..\..\..\Tmp\Moc\Libs\ZSData\Win32\Release\moc_ZSDataSetObjGroup.cpp">
      <Filter>Generated Files\Win32\Release\DataSet</Filter>
    </ClCompile>
    <ClCompile Include="..\..\..\Tmp\Moc\Libs\ZSData\Win32\Release\moc_ZSDataTable.cpp">
      <Filter>Generated Files\Win32\Release\DataSet</Filter>
    </ClCompile>
    <ClCompile Include="..\..\..\Tmp\Moc\Libs\ZSData\x64\Release\moc_ZSDatabase.cpp">
      <Filter>Generated Files\x64\Release\Database</Filter>
    </ClCompile>
    <ClCompile Include="..\..\..\Tmp\Moc\Libs\ZSData\x64\Debug\moc_ZSDatabase.cpp">
      <Filter>Generated Files\x64\Debug\Database</Filter>
    </ClCompile>
    <ClCompile Include="..\..\..\Tmp\Moc\Libs\ZSData\x64\Debug\moc_ZSDatabaseClient.cpp">
      <Filter>Generated Files\x64\Debug\DatabaseClient</Filter>
    </ClCompile>
    <ClCompile Include="..\..\..\Tmp\Moc\Libs\ZSData\x64\Debug\moc_ZSDatabaseClientGateway.cpp">
      <Filter>Generated Files\x64\Debug\DatabaseClient</Filter>
    </ClCompile>
    <ClCompile Include="..\..\..\Tmp\Moc\Libs\ZSData\x64\Release\moc_ZSDatabaseClient.cpp">
      <Filter>Generated Files\x64\Release\DatabaseClient</Filter>
    </ClCompile>
    <ClCompile Include="..\..\..\Tmp\Moc\Libs\ZSData\x64\Release\moc_ZSDatabaseClientGateway.cpp">
      <Filter>Generated Files\x64\Release\DatabaseClient</Filter>
    </ClCompile>
    <ClCompile Include="..\..\..\Tmp\Moc\Libs\ZSData\x64\Release\moc_ZSDataSet.cpp">
      <Filter>Generated Files\x64\Release\DataSet</Filter>
    </ClCompile>
    <ClCompile Include="..\..\..\Tmp\Moc\Libs\ZSData\x64\Release\moc_ZSDataSetObject.cpp">
      <Filter>Generated Files\x64\Release\DataSet</Filter>
    </ClCompile>
    <ClCompile Include="..\..\..\Tmp\Moc\Libs\ZSData\x64\Release\moc_ZSDataSetObjGroup.cpp">
      <Filter>Generated Files\x64\Release\DataSet</Filter>
    </ClCompile>
    <ClCompile Include="..\..\..\Tmp\Moc\Libs\ZSData\x64\Release\moc_ZSDataTable.cpp">
      <Filter>Generated Files\x64\Release\DataSet</Filter>
    </ClCompile>
    <ClCompile Include="..\..\..\Tmp\Moc\Libs\ZSData\x64\Debug\moc_ZSDataSet.cpp">
      <Filter>Generated Files\x64\Debug\DataSet</Filter>
    </ClCompile>
    <ClCompile Include="..\..\..\Tmp\Moc\Libs\ZSData\x64\Debug\moc_ZSDataSetObject.cpp">
      <Filter>Generated Files\x64\Debug\DataSet</Filter>
    </ClCompile>
    <ClCompile Include="..\..\..\Tmp\Moc\Libs\ZSData\x64\Debug\moc_ZSDataSetObjGroup.cpp">
      <Filter>Generated Files\x64\Debug\DataSet</Filter>
    </ClCompile>
    <ClCompile Include="..\..\..\Tmp\Moc\Libs\ZSData\x64\Debug\moc_ZSDataTable.cpp">
      <Filter>Generated Files\x64\Debug\DataSet</Filter>
    </ClCompile>
    <ClCompile Include="..\..\..\Tmp\Moc\Libs\ZSData\Win32\Debug\moc_ZSDatabaseGateway.cpp">
      <Filter>Generated Files\Win32\Debug\Database</Filter>
    </ClCompile>
    <ClCompile Include="..\..\..\Tmp\Moc\Libs\ZSData\Win32\Debug\moc_ZSDatabaseGatewayThread.cpp">
      <Filter>Generated Files\Win32\Debug\Database</Filter>
    </ClCompile>
    <ClCompile Include="..\..\..\Tmp\Moc\Libs\ZSData\Win32\Debug\moc_ZSDatabaseClientGatewayThread.cpp">
      <Filter>Generated Files\Win32\Debug\DatabaseClient</Filter>
    </ClCompile>
    <ClCompile Include="..\..\..\Tmp\Moc\Libs\ZSData\Win32\Release\moc_ZSDatabaseGateway.cpp">
      <Filter>Generated Files\Win32\Release\Database</Filter>
    </ClCompile>
    <ClCompile Include="..\..\..\Tmp\Moc\Libs\ZSData\Win32\Release\moc_ZSDatabaseGatewayThread.cpp">
      <Filter>Generated Files\Win32\Release\Database</Filter>
    </ClCompile>
    <ClCompile Include="..\..\..\Tmp\Moc\Libs\ZSData\Win32\Release\moc_ZSDatabaseClientGatewayThread.cpp">
      <Filter>Generated Files\Win32\Release\DatabaseClient</Filter>
    </ClCompile>
    <ClCompile Include="..\..\..\Tmp\Moc\Libs\ZSData\x64\Debug\moc_ZSDatabaseGatewayThread.cpp">
      <Filter>Generated Files\x64\Debug\Database</Filter>
    </ClCompile>
    <ClCompile Include="..\..\..\Tmp\Moc\Libs\ZSData\x64\Debug\moc_ZSDatabaseClientGatewayThread.cpp">
      <Filter>Generated Files\x64\Debug\DatabaseClient</Filter>
    </ClCompile>
    <ClCompile Include="..\..\..\Tmp\Moc\Libs\ZSData\x64\Release\moc_ZSDatabaseGatewayThread.cpp">
      <Filter>Generated Files\x64\Release\Database</Filter>
    </ClCompile>
    <ClCompile Include="..\..\..\Tmp\Moc\Libs\ZSData\x64\Release\moc_ZSDatabaseClientGatewayThread.cpp">
      <Filter>Generated Files\x64\Release\DatabaseClient</Filter>
    </ClCompile>
    <ClCompile Include="..\..\..\Tmp\Moc\Libs\ZSData\x64\Release\moc_ZSDatabaseGateway.cpp">
      <Filter>Generated Files\x64\Release\Database</Filter>
    </ClCompile>
    <ClCompile Include="..\..\..\Tmp\Moc\Libs\ZSData\x64\Debug\moc_ZSDatabaseGateway.cpp">
      <Filter>Generated Files\x64\Debug\Database</Filter>
    </ClCompile>
    <ClCompile Include="..\..\..\Source\Libs\ZSData\ZSDataSet.cpp">
      <Filter>Source Files\DataSet</Filter>
    </ClCompile>
    <ClCompile Include="..\..\..\Source\Libs\ZSData\ZSDataSetObject.cpp">
      <Filter>Source Files\DataSet</Filter>
    </ClCompile>
    <ClCompile Include="..\..\..\Source\Libs\ZSData\ZSDataSetObjGroup.cpp">
      <Filter>Source Files\DataSet</Filter>
    </ClCompile>
    <ClCompile Include="..\..\..\Source\Libs\ZSData\ZSDataTable.cpp">
      <Filter>Source Files\DataSet</Filter>
    </ClCompile>
    <ClCompile Include="..\..\..\Tmp\Moc\Libs\ZSData\x64\Release\moc_ZSDatabaseGatewayZSXML.cpp">
      <Filter>Generated Files\x64\Release\Database</Filter>
    </ClCompile>
    <ClCompile Include="..\..\..\Tmp\Moc\Libs\ZSData\x64\Debug\moc_ZSDatabaseGatewayZSXML.cpp">
      <Filter>Generated Files\x64\Debug\Database</Filter>
    </ClCompile>
    <ClCompile Include="..\..\..\Tmp\Moc\Libs\ZSData\Win32\Release\moc_ZSDatabaseGatewayZSXML.cpp">
      <Filter>Generated Files\Win32\Release\Database</Filter>
    </ClCompile>
    <ClCompile Include="..\..\..\Tmp\Moc\Libs\ZSData\Win32\Debug\moc_ZSDatabaseGatewayZSXML.cpp">
      <Filter>Generated Files\Win32\Debug\Database</Filter>
    </ClCompile>
    <ClCompile Include="..\..\..\Source\Libs\ZSData\ZSDatabaseGatewayZSXML.cpp">
      <Filter>Source Files\Database</Filter>
    </ClCompile>
    <ClCompile Include="..\..\..\Source\Libs\ZSData\ZSDataExceptions.cpp">
      <Filter>Source Files\DataExceptions</Filter>
    </ClCompile>
  </ItemGroup>
  <ItemGroup>
    <ClInclude Include="..\..\..\Include\Libs\ZSData\ZSDataAux.h">
      <Filter>Include Files\Main</Filter>
    </ClInclude>
    <ClInclude Include="..\..\..\Include\Libs\ZSData\ZSDataCommon.h">
      <Filter>Include Files\Main</Filter>
    </ClInclude>
    <ClInclude Include="..\..\..\Include\Libs\ZSData\ZSDataDllMain.h">
      <Filter>Include Files\Main</Filter>
    </ClInclude>
    <ClInclude Include="..\..\..\Include\Libs\ZSData\ZSDataMsg.h">
      <Filter>Include Files\DataProtocol</Filter>
    </ClInclude>
    <ClInclude Include="..\..\..\Include\Libs\ZSData\ZSDataProtocol.h">
      <Filter>Include Files\DataProtocol</Filter>
    </ClInclude>
    <ClInclude Include="..\..\..\Include\Libs\ZSData\ZSDataExceptions.h">
      <Filter>Include Files\DataExceptions</Filter>
    </ClInclude>
  </ItemGroup>
  <ItemGroup>
    <CustomBuild Include="..\..\..\Include\Libs\ZSData\ZSDatabaseClient.h">
      <Filter>Include Files\DatabaseClient</Filter>
    </CustomBuild>
    <CustomBuild Include="..\..\..\Include\Libs\ZSData\ZSDatabaseClientGateway.h">
      <Filter>Include Files\DatabaseClient</Filter>
    </CustomBuild>
    <CustomBuild Include="..\..\..\Include\Libs\ZSData\ZSDataSet.h">
      <Filter>Include Files\DataSet</Filter>
    </CustomBuild>
    <CustomBuild Include="..\..\..\Include\Libs\ZSData\ZSDataSetObject.h">
      <Filter>Include Files\DataSet</Filter>
    </CustomBuild>
    <CustomBuild Include="..\..\..\Include\Libs\ZSData\ZSDataSetObjGroup.h">
      <Filter>Include Files\DataSet</Filter>
    </CustomBuild>
    <CustomBuild Include="..\..\..\Include\Libs\ZSData\ZSDataTable.h">
      <Filter>Include Files\DataSet</Filter>
    </CustomBuild>
    <CustomBuild Include="..\..\..\Include\Libs\ZSData\ZSDatabase.h">
      <Filter>Include Files\Database</Filter>
    </CustomBuild>
    <CustomBuild Include="..\..\..\Include\Libs\ZSData\ZSDataChangeSet.h">
      <Filter>Include Files\DataProtocol</Filter>
    </CustomBuild>
    <CustomBuild Include="..\..\..\Include\Libs\ZSData\ZSDatabaseClientGatewayThread.h">
      <Filter>Include Files\DatabaseClient</Filter>
    </CustomBuild>
    <CustomBuild Include="..\..\..\Include\Libs\ZSData\ZSDatabaseGateway.h">
      <Filter>Include Files\Database</Filter>
    </CustomBuild>
    <CustomBuild Include="..\..\..\Include\Libs\ZSData\ZSDatabaseGatewayThread.h">
      <Filter>Include Files\Database</Filter>
    </CustomBuild>
    <CustomBuild Include="..\..\..\Include\Libs\ZSData\ZSDatabaseGatewayZSXML.h">
      <Filter>Include Files\Database</Filter>
    </CustomBuild>
  </ItemGroup>
</Project>