<?xml version="1.0" encoding="utf-8"?>
<Project ToolsVersion="4.0" xmlns="http://schemas.microsoft.com/developer/msbuild/2003">
  <ItemGroup>
    <Filter Include="Source Files">
      <UniqueIdentifier>{4FC737F1-C7A5-4376-A066-2A32D752A2FF}</UniqueIdentifier>
      <Extensions>cpp;c;cc;cxx;def;odl;idl;hpj;bat;asm;asmx</Extensions>
    </Filter>
    <Filter Include="Generated Files">
      <UniqueIdentifier>{93995380-89BD-4b04-88EB-625FBE52EBFB}</UniqueIdentifier>
      <Extensions>h;hpp;hxx;hm;inl;inc;xsd</Extensions>
    </Filter>
    <Filter Include="Resource Files">
      <UniqueIdentifier>{67DA6AB6-F800-4c08-8B7A-83BB121AAD01}</UniqueIdentifier>
      <Extensions>rc;ico;cur;bmp;dlg;rc2;rct;bin;rgs;gif;jpg;jpeg;jpe;resx;tiff;tif;png;wav</Extensions>
    </Filter>
    <Filter Include="Include Files">
      <UniqueIdentifier>{bc191e34-ede5-4b6d-b87d-30cff3c4b38c}</UniqueIdentifier>
    </Filter>
    <Filter Include="Generated Files\msvc2015">
      <UniqueIdentifier>{5709a2c7-2807-4798-9a54-51f3481faf1a}</UniqueIdentifier>
    </Filter>
    <Filter Include="Generated Files\msvc2015\Win32">
      <UniqueIdentifier>{fb57b983-578b-4be7-bc05-13b166527447}</UniqueIdentifier>
    </Filter>
    <Filter Include="Generated Files\msvc2015\Win32\Debug">
      <UniqueIdentifier>{fee4b6f6-43dc-4a3a-bed7-7ac57dcab560}</UniqueIdentifier>
    </Filter>
    <Filter Include="Generated Files\msvc2015\Win32\Release">
      <UniqueIdentifier>{bce28f45-efbd-48b9-873b-a023bebab5a9}</UniqueIdentifier>
    </Filter>
    <Filter Include="Generated Files\msvc2015\x64">
      <UniqueIdentifier>{e404a636-e275-4c59-88f3-687b338fea85}</UniqueIdentifier>
    </Filter>
    <Filter Include="Generated Files\msvc2015\x64\Debug">
      <UniqueIdentifier>{e7f23d0c-b331-4e95-88b3-788e04076dc0}</UniqueIdentifier>
    </Filter>
    <Filter Include="Generated Files\msvc2015\x64\Release">
      <UniqueIdentifier>{ec3a018a-cdaf-4477-bae1-e5addd6f73a7}</UniqueIdentifier>
    </Filter>
    <Filter Include="Generated Files\msvc2017">
      <UniqueIdentifier>{b7215bbd-fcac-4d4a-bf14-52120a0726b3}</UniqueIdentifier>
    </Filter>
    <Filter Include="Generated Files\msvc2017\Win32">
      <UniqueIdentifier>{ff9d1967-d286-4605-9fba-371448ba4d0e}</UniqueIdentifier>
    </Filter>
    <Filter Include="Generated Files\msvc2017\Win32\Debug">
      <UniqueIdentifier>{cce892ed-dd0b-49bf-befb-066758105773}</UniqueIdentifier>
    </Filter>
    <Filter Include="Generated Files\msvc2017\Win32\Release">
      <UniqueIdentifier>{dabd62bb-4d1b-42de-9f7e-77e4f9a99528}</UniqueIdentifier>
    </Filter>
    <Filter Include="Generated Files\msvc2017\x64">
      <UniqueIdentifier>{68a4413b-1eef-47d0-b46a-a471a37bfb68}</UniqueIdentifier>
    </Filter>
    <Filter Include="Generated Files\msvc2017\x64\Debug">
      <UniqueIdentifier>{47ac3098-825f-418b-b087-774c01950650}</UniqueIdentifier>
    </Filter>
    <Filter Include="Generated Files\msvc2017\x64\Release">
      <UniqueIdentifier>{b2e0131b-f431-4ebc-98c0-e6fef57c26b4}</UniqueIdentifier>
    </Filter>
    <Filter Include="Generated Files\msvc2019">
      <UniqueIdentifier>{d29c80d7-a6cf-48bc-904d-02144f37f650}</UniqueIdentifier>
    </Filter>
    <Filter Include="Generated Files\msvc2019\x64">
      <UniqueIdentifier>{53cd5202-5ce7-43c3-ac5d-853e4dd0e203}</UniqueIdentifier>
    </Filter>
    <Filter Include="Generated Files\msvc2019\x64\Debug">
      <UniqueIdentifier>{35475431-56f0-499a-9cb5-7d13bc261c2f}</UniqueIdentifier>
    </Filter>
    <Filter Include="Generated Files\msvc2019\x64\Release">
      <UniqueIdentifier>{d861919a-903e-4d74-8157-3ab575ced643}</UniqueIdentifier>
    </Filter>
    <Filter Include="Generated Files\msvc2019\Win32">
      <UniqueIdentifier>{b4133797-ca4d-4f4d-b57f-619d04b08705}</UniqueIdentifier>
    </Filter>
    <Filter Include="Generated Files\msvc2019\Win32\Debug">
      <UniqueIdentifier>{9dd6592f-09b9-4811-9a0c-b4cd67593607}</UniqueIdentifier>
    </Filter>
    <Filter Include="Generated Files\msvc2019\Win32\Release">
      <UniqueIdentifier>{c1d884cf-b463-4953-8ad1-f9cbc1d63dc2}</UniqueIdentifier>
    </Filter>
  </ItemGroup>
  <ItemGroup>
    <ClCompile Include="..\..\..\Source\Libs\ZSIpcTraceGUI\ZSIpcTrcClientDlg.cpp">
      <Filter>Source Files</Filter>
    </ClCompile>
    <ClCompile Include="..\..\..\Source\Libs\ZSIpcTraceGUI\ZSIpcTrcGUIDllMain.cpp">
      <Filter>Source Files</Filter>
    </ClCompile>
    <ClCompile Include="..\..\..\Source\Libs\ZSIpcTraceGUI\ZSIpcTrcMthWdgt.cpp">
      <Filter>Source Files</Filter>
    </ClCompile>
    <ClCompile Include="..\..\..\Source\Libs\ZSIpcTraceGUI\ZSIpcTrcServerDlg.cpp">
      <Filter>Source Files</Filter>
    </ClCompile>
    <ClCompile Include="..\..\..\Source\Libs\ZSIpcTraceGUI\ZSIpcTrcSettingsWdgt.cpp">
      <Filter>Source Files</Filter>
    </ClCompile>
    <ClCompile Include="..\..\..\Tmp\Moc\Libs\ZSIpcTraceGUI\Debug_msvc2017\x64\moc_ZSIpcTrcClientDlg.cpp">
      <Filter>Generated Files\msvc2017\x64\Debug</Filter>
    </ClCompile>
    <ClCompile Include="..\..\..\Tmp\Moc\Libs\ZSIpcTraceGUI\Debug_msvc2017\x64\moc_ZSIpcTrcMthWdgt.cpp">
      <Filter>Generated Files\msvc2017\x64\Debug</Filter>
    </ClCompile>
    <ClCompile Include="..\..\..\Tmp\Moc\Libs\ZSIpcTraceGUI\Debug_msvc2017\x64\moc_ZSIpcTrcServerDlg.cpp">
      <Filter>Generated Files\msvc2017\x64\Debug</Filter>
    </ClCompile>
    <ClCompile Include="..\..\..\Tmp\Moc\Libs\ZSIpcTraceGUI\Debug_msvc2017\x64\moc_ZSIpcTrcSettingsWdgt.cpp">
      <Filter>Generated Files\msvc2017\x64\Debug</Filter>
    </ClCompile>
    <ClCompile Include="..\..\..\Tmp\Moc\Libs\ZSIpcTraceGUI\Release_msvc2015\x64\moc_ZSIpcTrcClientDlg.cpp">
      <Filter>Generated Files\msvc2015\x64\Release</Filter>
    </ClCompile>
    <ClCompile Include="..\..\..\Tmp\Moc\Libs\ZSIpcTraceGUI\Release_msvc2015\x64\moc_ZSIpcTrcMthWdgt.cpp">
      <Filter>Generated Files\msvc2015\x64\Release</Filter>
    </ClCompile>
    <ClCompile Include="..\..\..\Tmp\Moc\Libs\ZSIpcTraceGUI\Release_msvc2015\x64\moc_ZSIpcTrcServerDlg.cpp">
      <Filter>Generated Files\msvc2015\x64\Release</Filter>
    </ClCompile>
    <ClCompile Include="..\..\..\Tmp\Moc\Libs\ZSIpcTraceGUI\Release_msvc2015\x64\moc_ZSIpcTrcSettingsWdgt.cpp">
      <Filter>Generated Files\msvc2015\x64\Release</Filter>
    </ClCompile>
    <ClCompile Include="..\..\..\Tmp\Moc\Libs\ZSIpcTraceGUI\Debug_msvc2015\x64\moc_ZSIpcTrcClientDlg.cpp">
      <Filter>Generated Files\msvc2015\x64\Debug</Filter>
    </ClCompile>
    <ClCompile Include="..\..\..\Tmp\Moc\Libs\ZSIpcTraceGUI\Debug_msvc2015\x64\moc_ZSIpcTrcMthWdgt.cpp">
      <Filter>Generated Files\msvc2015\x64\Debug</Filter>
    </ClCompile>
    <ClCompile Include="..\..\..\Tmp\Moc\Libs\ZSIpcTraceGUI\Debug_msvc2015\x64\moc_ZSIpcTrcServerDlg.cpp">
      <Filter>Generated Files\msvc2015\x64\Debug</Filter>
    </ClCompile>
    <ClCompile Include="..\..\..\Tmp\Moc\Libs\ZSIpcTraceGUI\Debug_msvc2015\x64\moc_ZSIpcTrcSettingsWdgt.cpp">
      <Filter>Generated Files\msvc2015\x64\Debug</Filter>
    </ClCompile>
    <ClCompile Include="..\..\..\Tmp\Moc\Libs\ZSIpcTraceGUI\Release_msvc2017\Win32\moc_ZSIpcTrcClientDlg.cpp">
      <Filter>Generated Files\msvc2017\Win32\Release</Filter>
    </ClCompile>
    <ClCompile Include="..\..\..\Tmp\Moc\Libs\ZSIpcTraceGUI\Release_msvc2017\Win32\moc_ZSIpcTrcMthWdgt.cpp">
      <Filter>Generated Files\msvc2017\Win32\Release</Filter>
    </ClCompile>
    <ClCompile Include="..\..\..\Tmp\Moc\Libs\ZSIpcTraceGUI\Release_msvc2017\Win32\moc_ZSIpcTrcServerDlg.cpp">
      <Filter>Generated Files\msvc2017\Win32\Release</Filter>
    </ClCompile>
    <ClCompile Include="..\..\..\Tmp\Moc\Libs\ZSIpcTraceGUI\Release_msvc2017\Win32\moc_ZSIpcTrcSettingsWdgt.cpp">
      <Filter>Generated Files\msvc2017\Win32\Release</Filter>
    </ClCompile>
    <ClCompile Include="..\..\..\Tmp\Moc\Libs\ZSIpcTraceGUI\Debug_msvc2017\Win32\moc_ZSIpcTrcClientDlg.cpp">
      <Filter>Generated Files\msvc2017\Win32\Debug</Filter>
    </ClCompile>
    <ClCompile Include="..\..\..\Tmp\Moc\Libs\ZSIpcTraceGUI\Debug_msvc2017\Win32\moc_ZSIpcTrcMthWdgt.cpp">
      <Filter>Generated Files\msvc2017\Win32\Debug</Filter>
    </ClCompile>
    <ClCompile Include="..\..\..\Tmp\Moc\Libs\ZSIpcTraceGUI\Debug_msvc2017\Win32\moc_ZSIpcTrcServerDlg.cpp">
      <Filter>Generated Files\msvc2017\Win32\Debug</Filter>
    </ClCompile>
    <ClCompile Include="..\..\..\Tmp\Moc\Libs\ZSIpcTraceGUI\Debug_msvc2017\Win32\moc_ZSIpcTrcSettingsWdgt.cpp">
      <Filter>Generated Files\msvc2017\Win32\Debug</Filter>
    </ClCompile>
    <ClCompile Include="..\..\..\Tmp\Moc\Libs\ZSIpcTraceGUI\Release_msvc2015\Win32\moc_ZSIpcTrcClientDlg.cpp">
      <Filter>Generated Files\msvc2015\Win32\Release</Filter>
    </ClCompile>
    <ClCompile Include="..\..\..\Tmp\Moc\Libs\ZSIpcTraceGUI\Release_msvc2015\Win32\moc_ZSIpcTrcMthWdgt.cpp">
      <Filter>Generated Files\msvc2015\Win32\Release</Filter>
    </ClCompile>
    <ClCompile Include="..\..\..\Tmp\Moc\Libs\ZSIpcTraceGUI\Release_msvc2015\Win32\moc_ZSIpcTrcServerDlg.cpp">
      <Filter>Generated Files\msvc2015\Win32\Release</Filter>
    </ClCompile>
    <ClCompile Include="..\..\..\Tmp\Moc\Libs\ZSIpcTraceGUI\Release_msvc2015\Win32\moc_ZSIpcTrcSettingsWdgt.cpp">
      <Filter>Generated Files\msvc2015\Win32\Release</Filter>
    </ClCompile>
    <ClCompile Include="..\..\..\Tmp\Moc\Libs\ZSIpcTraceGUI\Debug_msvc2015\Win32\moc_ZSIpcTrcClientDlg.cpp">
      <Filter>Generated Files\msvc2015\Win32\Debug</Filter>
    </ClCompile>
    <ClCompile Include="..\..\..\Tmp\Moc\Libs\ZSIpcTraceGUI\Debug_msvc2015\Win32\moc_ZSIpcTrcMthWdgt.cpp">
      <Filter>Generated Files\msvc2015\Win32\Debug</Filter>
    </ClCompile>
    <ClCompile Include="..\..\..\Tmp\Moc\Libs\ZSIpcTraceGUI\Debug_msvc2015\Win32\moc_ZSIpcTrcServerDlg.cpp">
      <Filter>Generated Files\msvc2015\Win32\Debug</Filter>
    </ClCompile>
    <ClCompile Include="..\..\..\Tmp\Moc\Libs\ZSIpcTraceGUI\Debug_msvc2015\Win32\moc_ZSIpcTrcSettingsWdgt.cpp">
      <Filter>Generated Files\msvc2015\Win32\Debug</Filter>
    </ClCompile>
    <ClCompile Include="..\..\..\Tmp\Moc\Libs\ZSIpcTraceGUI\Release_msvc2017\x64\moc_ZSIpcTrcClientDlg.cpp">
      <Filter>Generated Files\msvc2017\x64\Release</Filter>
    </ClCompile>
    <ClCompile Include="..\..\..\Tmp\Moc\Libs\ZSIpcTraceGUI\Release_msvc2017\x64\moc_ZSIpcTrcMthWdgt.cpp">
      <Filter>Generated Files\msvc2017\x64\Release</Filter>
    </ClCompile>
    <ClCompile Include="..\..\..\Tmp\Moc\Libs\ZSIpcTraceGUI\Release_msvc2017\x64\moc_ZSIpcTrcServerDlg.cpp">
      <Filter>Generated Files\msvc2017\x64\Release</Filter>
    </ClCompile>
    <ClCompile Include="..\..\..\Tmp\Moc\Libs\ZSIpcTraceGUI\Release_msvc2017\x64\moc_ZSIpcTrcSettingsWdgt.cpp">
      <Filter>Generated Files\msvc2017\x64\Release</Filter>
    </ClCompile>
    <ClCompile Include="..\..\..\Tmp\Moc\Libs\ZSIpcTraceGUI\Debug_msvc2019\x64\moc_ZSIpcTrcClientDlg.cpp">
      <Filter>Generated Files\msvc2019\x64\Debug</Filter>
    </ClCompile>
    <ClCompile Include="..\..\..\Tmp\Moc\Libs\ZSIpcTraceGUI\Debug_msvc2019\x64\moc_ZSIpcTrcMthWdgt.cpp">
      <Filter>Generated Files\msvc2019\x64\Debug</Filter>
    </ClCompile>
    <ClCompile Include="..\..\..\Tmp\Moc\Libs\ZSIpcTraceGUI\Debug_msvc2019\x64\moc_ZSIpcTrcServerDlg.cpp">
      <Filter>Generated Files\msvc2019\x64\Debug</Filter>
    </ClCompile>
    <ClCompile Include="..\..\..\Tmp\Moc\Libs\ZSIpcTraceGUI\Debug_msvc2019\x64\moc_ZSIpcTrcSettingsWdgt.cpp">
      <Filter>Generated Files\msvc2019\x64\Debug</Filter>
    </ClCompile>
    <ClCompile Include="..\..\..\Tmp\Moc\Libs\ZSIpcTraceGUI\Release_msvc2019\x64\moc_ZSIpcTrcClientDlg.cpp">
      <Filter>Generated Files\msvc2019\x64\Release</Filter>
    </ClCompile>
    <ClCompile Include="..\..\..\Tmp\Moc\Libs\ZSIpcTraceGUI\Release_msvc2019\x64\moc_ZSIpcTrcMthWdgt.cpp">
      <Filter>Generated Files\msvc2019\x64\Release</Filter>
    </ClCompile>
    <ClCompile Include="..\..\..\Tmp\Moc\Libs\ZSIpcTraceGUI\Release_msvc2019\x64\moc_ZSIpcTrcServerDlg.cpp">
      <Filter>Generated Files\msvc2019\x64\Release</Filter>
    </ClCompile>
    <ClCompile Include="..\..\..\Tmp\Moc\Libs\ZSIpcTraceGUI\Release_msvc2019\x64\moc_ZSIpcTrcSettingsWdgt.cpp">
      <Filter>Generated Files\msvc2019\x64\Release</Filter>
    </ClCompile>
    <ClCompile Include="..\..\..\Tmp\Moc\Libs\ZSIpcTraceGUI\Release_msvc2019\Win32\moc_ZSIpcTrcClientDlg.cpp">
      <Filter>Generated Files\msvc2019\Win32\Release</Filter>
    </ClCompile>
    <ClCompile Include="..\..\..\Tmp\Moc\Libs\ZSIpcTraceGUI\Release_msvc2019\Win32\moc_ZSIpcTrcMthWdgt.cpp">
      <Filter>Generated Files\msvc2019\Win32\Release</Filter>
    </ClCompile>
    <ClCompile Include="..\..\..\Tmp\Moc\Libs\ZSIpcTraceGUI\Release_msvc2019\Win32\moc_ZSIpcTrcServerDlg.cpp">
      <Filter>Generated Files\msvc2019\Win32\Release</Filter>
    </ClCompile>
    <ClCompile Include="..\..\..\Tmp\Moc\Libs\ZSIpcTraceGUI\Release_msvc2019\Win32\moc_ZSIpcTrcSettingsWdgt.cpp">
      <Filter>Generated Files\msvc2019\Win32\Release</Filter>
    </ClCompile>
    <ClCompile Include="..\..\..\Tmp\Moc\Libs\ZSIpcTraceGUI\Debug_msvc2019\Win32\moc_ZSIpcTrcClientDlg.cpp">
      <Filter>Generated Files\msvc2019\Win32\Debug</Filter>
    </ClCompile>
    <ClCompile Include="..\..\..\Tmp\Moc\Libs\ZSIpcTraceGUI\Debug_msvc2019\Win32\moc_ZSIpcTrcMthWdgt.cpp">
      <Filter>Generated Files\msvc2019\Win32\Debug</Filter>
    </ClCompile>
    <ClCompile Include="..\..\..\Tmp\Moc\Libs\ZSIpcTraceGUI\Debug_msvc2019\Win32\moc_ZSIpcTrcServerDlg.cpp">
      <Filter>Generated Files\msvc2019\Win32\Debug</Filter>
    </ClCompile>
    <ClCompile Include="..\..\..\Tmp\Moc\Libs\ZSIpcTraceGUI\Debug_msvc2019\Win32\moc_ZSIpcTrcSettingsWdgt.cpp">
      <Filter>Generated Files\msvc2019\Win32\Debug</Filter>
    </ClCompile>
  </ItemGroup>
  <ItemGroup>
    <ClInclude Include="..\..\..\Include\Libs\ZSIpcTraceGUI\ZSIpcTrcGUIDllMain.h">
      <Filter>Include Files</Filter>
    </ClInclude>
  </ItemGroup>
  <ItemGroup>
    <CustomBuild Include="..\..\..\Include\Libs\ZSIpcTraceGUI\ZSIpcTrcClientDlg.h">
      <Filter>Include Files</Filter>
    </CustomBuild>
    <CustomBuild Include="..\..\..\Include\Libs\ZSIpcTraceGUI\ZSIpcTrcMthWdgt.h">
      <Filter>Include Files</Filter>
    </CustomBuild>
    <CustomBuild Include="..\..\..\Include\Libs\ZSIpcTraceGUI\ZSIpcTrcServerDlg.h">
      <Filter>Include Files</Filter>
    </CustomBuild>
    <CustomBuild Include="..\..\..\Include\Libs\ZSIpcTraceGUI\ZSIpcTrcSettingsWdgt.h">
      <Filter>Include Files</Filter>
    </CustomBuild>
  </ItemGroup>
  <ItemGroup>
    <Text Include="CMakeLists.txt" />
  </ItemGroup>
</Project>