<?xml version="1.0" encoding="utf-8"?>
<Project ToolsVersion="4.0" xmlns="http://schemas.microsoft.com/developer/msbuild/2003">
  <ItemGroup>
    <Filter Include="Source Files">
      <UniqueIdentifier>{4FC737F1-C7A5-4376-A066-2A32D752A2FF}</UniqueIdentifier>
      <Extensions>cpp;c;cc;cxx;def;odl;idl;hpj;bat;asm;asmx</Extensions>
    </Filter>
    <Filter Include="Generated Files">
      <UniqueIdentifier>{93995380-89BD-4b04-88EB-625FBE52EBFB}</UniqueIdentifier>
      <Extensions>h;hpp;hxx;hm;inl;inc;xsd</Extensions>
    </Filter>
    <Filter Include="Resource Files">
      <UniqueIdentifier>{67DA6AB6-F800-4c08-8B7A-83BB121AAD01}</UniqueIdentifier>
      <Extensions>rc;ico;cur;bmp;dlg;rc2;rct;bin;rgs;gif;jpg;jpeg;jpe;resx;tiff;tif;png;wav</Extensions>
    </Filter>
    <Filter Include="Include Files">
      <UniqueIdentifier>{45a97550-b350-4c61-afd5-e64725b06712}</UniqueIdentifier>
    </Filter>
    <Filter Include="Generated Files\msvc2017">
      <UniqueIdentifier>{25685d7d-b79c-4013-b156-d7755485f5b7}</UniqueIdentifier>
    </Filter>
    <Filter Include="Generated Files\msvc2017\Win32">
      <UniqueIdentifier>{d0f84922-2b83-41d3-94aa-200fce445a39}</UniqueIdentifier>
    </Filter>
    <Filter Include="Generated Files\msvc2017\Win32\Debug">
      <UniqueIdentifier>{7ffce593-c6d4-478d-8892-881eca8f58a5}</UniqueIdentifier>
    </Filter>
    <Filter Include="Generated Files\msvc2017\Win32\Release">
      <UniqueIdentifier>{b1ac0e81-eb3d-4512-8782-66a677a8e2f7}</UniqueIdentifier>
    </Filter>
    <Filter Include="Generated Files\msvc2017\x64">
      <UniqueIdentifier>{2fe5a2a5-2046-43fc-9200-816a3bdabfaf}</UniqueIdentifier>
    </Filter>
    <Filter Include="Generated Files\msvc2017\x64\Debug">
      <UniqueIdentifier>{81aa812b-2566-40fa-81ee-f76397684766}</UniqueIdentifier>
    </Filter>
    <Filter Include="Generated Files\msvc2017\x64\Release">
      <UniqueIdentifier>{ad17ea48-2597-438b-913b-315c3590d5d9}</UniqueIdentifier>
    </Filter>
    <Filter Include="Generated Files\msvc2015">
      <UniqueIdentifier>{743cdb42-a4c4-4d05-a63d-0a096630e6f1}</UniqueIdentifier>
    </Filter>
    <Filter Include="Generated Files\msvc2015\Win32">
      <UniqueIdentifier>{7f685163-8f1c-4c2d-a227-5ad1e1fe7180}</UniqueIdentifier>
    </Filter>
    <Filter Include="Generated Files\msvc2015\x64">
      <UniqueIdentifier>{0accb7b6-41cb-4877-9390-6baf756a0c43}</UniqueIdentifier>
    </Filter>
    <Filter Include="Generated Files\msvc2015\x64\Debug">
      <UniqueIdentifier>{d2d91fe7-d2ce-49f5-be90-43ef49cba1bb}</UniqueIdentifier>
    </Filter>
    <Filter Include="Generated Files\msvc2015\x64\Release">
      <UniqueIdentifier>{cc15d56b-c28d-4396-ae7b-8ce4b9df4bb3}</UniqueIdentifier>
    </Filter>
    <Filter Include="Generated Files\msvc2015\Win32\Debug">
      <UniqueIdentifier>{f3599c84-346b-47d0-8b79-45118b66b15a}</UniqueIdentifier>
    </Filter>
    <Filter Include="Generated Files\msvc2015\Win32\Release">
      <UniqueIdentifier>{0bb7625c-96e3-4356-a667-80e448c089ff}</UniqueIdentifier>
    </Filter>
    <Filter Include="Generated Files\msvc2019">
      <UniqueIdentifier>{69d68c09-8cd0-4579-a79e-4649383fbb7f}</UniqueIdentifier>
    </Filter>
    <Filter Include="Generated Files\msvc2019\x64">
      <UniqueIdentifier>{3792cad4-c312-4150-830b-aa0aa8504185}</UniqueIdentifier>
    </Filter>
    <Filter Include="Generated Files\msvc2019\x64\Debug">
      <UniqueIdentifier>{de9456a0-928c-42bc-991d-6dcaf011cbee}</UniqueIdentifier>
    </Filter>
    <Filter Include="Generated Files\msvc2019\x64\Release">
      <UniqueIdentifier>{cb6c3df4-d102-41ee-9aa7-75073fed32ca}</UniqueIdentifier>
    </Filter>
    <Filter Include="Generated Files\msvc2019\Win32">
      <UniqueIdentifier>{8dba6894-81e2-4839-91bf-d3099d4062ca}</UniqueIdentifier>
    </Filter>
    <Filter Include="Generated Files\msvc2019\Win32\Debug">
      <UniqueIdentifier>{61e42199-d3b3-4a95-861f-673ceffe0eca}</UniqueIdentifier>
    </Filter>
    <Filter Include="Generated Files\msvc2019\Win32\Release">
      <UniqueIdentifier>{a9883447-930d-4128-ac27-1cc7abb38b9f}</UniqueIdentifier>
    </Filter>
  </ItemGroup>
  <ItemGroup>
    <ClCompile Include="..\..\..\..\Source\Apps\Test\ZSAsyncReqs\App.cpp">
      <Filter>Source Files</Filter>
    </ClCompile>
    <ClCompile Include="..\..\..\..\Source\Apps\Test\ZSAsyncReqs\Database.cpp">
      <Filter>Source Files</Filter>
    </ClCompile>
    <ClCompile Include="..\..\..\..\Source\Apps\Test\ZSAsyncReqs\DatabaseGateway.cpp">
      <Filter>Source Files</Filter>
    </ClCompile>
    <ClCompile Include="..\..\..\..\Source\Apps\Test\ZSAsyncReqs\DatabaseThread.cpp">
      <Filter>Source Files</Filter>
    </ClCompile>
    <ClCompile Include="..\..\..\..\Source\Apps\Test\ZSAsyncReqs\DbClient.cpp">
      <Filter>Source Files</Filter>
    </ClCompile>
    <ClCompile Include="..\..\..\..\Source\Apps\Test\ZSAsyncReqs\DbClientGateway.cpp">
      <Filter>Source Files</Filter>
    </ClCompile>
    <ClCompile Include="..\..\..\..\Source\Apps\Test\ZSAsyncReqs\DbClientThread.cpp">
      <Filter>Source Files</Filter>
    </ClCompile>
    <ClCompile Include="..\..\..\..\Source\Apps\Test\ZSAsyncReqs\Main.cpp">
      <Filter>Source Files</Filter>
    </ClCompile>
    <ClCompile Include="..\..\..\..\Source\Apps\Test\ZSAsyncReqs\MainWindow.cpp">
      <Filter>Source Files</Filter>
    </ClCompile>
    <ClCompile Include="..\..\..\..\Source\Apps\Test\ZSAsyncReqs\Msg.cpp">
      <Filter>Source Files</Filter>
    </ClCompile>
    <ClCompile Include="..\..\..\..\Source\Apps\Test\ZSAsyncReqs\WidgetCentral.cpp">
      <Filter>Source Files</Filter>
    </ClCompile>
    <ClCompile Include="..\..\..\..\Tmp\Moc\Apps\Test\ZSAppTestAsyncReqs\Release_msvc2015\x64\moc_App.cpp">
      <Filter>Generated Files\msvc2015\x64\Release</Filter>
    </ClCompile>
    <ClCompile Include="..\..\..\..\Tmp\Moc\Apps\Test\ZSAppTestAsyncReqs\Release_msvc2015\x64\moc_Database.cpp">
      <Filter>Generated Files\msvc2015\x64\Release</Filter>
    </ClCompile>
    <ClCompile Include="..\..\..\..\Tmp\Moc\Apps\Test\ZSAppTestAsyncReqs\Release_msvc2015\x64\moc_DatabaseGateway.cpp">
      <Filter>Generated Files\msvc2015\x64\Release</Filter>
    </ClCompile>
    <ClCompile Include="..\..\..\..\Tmp\Moc\Apps\Test\ZSAppTestAsyncReqs\Release_msvc2015\x64\moc_DatabaseThread.cpp">
      <Filter>Generated Files\msvc2015\x64\Release</Filter>
    </ClCompile>
    <ClCompile Include="..\..\..\..\Tmp\Moc\Apps\Test\ZSAppTestAsyncReqs\Release_msvc2015\x64\moc_DbClient.cpp">
      <Filter>Generated Files\msvc2015\x64\Release</Filter>
    </ClCompile>
    <ClCompile Include="..\..\..\..\Tmp\Moc\Apps\Test\ZSAppTestAsyncReqs\Release_msvc2015\x64\moc_DbClientGateway.cpp">
      <Filter>Generated Files\msvc2015\x64\Release</Filter>
    </ClCompile>
    <ClCompile Include="..\..\..\..\Tmp\Moc\Apps\Test\ZSAppTestAsyncReqs\Release_msvc2015\x64\moc_DbClientThread.cpp">
      <Filter>Generated Files\msvc2015\x64\Release</Filter>
    </ClCompile>
    <ClCompile Include="..\..\..\..\Tmp\Moc\Apps\Test\ZSAppTestAsyncReqs\Release_msvc2015\x64\moc_MainWindow.cpp">
      <Filter>Generated Files\msvc2015\x64\Release</Filter>
    </ClCompile>
    <ClCompile Include="..\..\..\..\Tmp\Moc\Apps\Test\ZSAppTestAsyncReqs\Release_msvc2015\x64\moc_WidgetCentral.cpp">
      <Filter>Generated Files\msvc2015\x64\Release</Filter>
    </ClCompile>
    <ClCompile Include="..\..\..\..\Tmp\Moc\Apps\Test\ZSAppTestAsyncReqs\Debug_msvc2017\x64\moc_App.cpp">
      <Filter>Generated Files\msvc2017\x64\Debug</Filter>
    </ClCompile>
    <ClCompile Include="..\..\..\..\Tmp\Moc\Apps\Test\ZSAppTestAsyncReqs\Debug_msvc2017\x64\moc_Database.cpp">
      <Filter>Generated Files\msvc2017\x64\Debug</Filter>
    </ClCompile>
    <ClCompile Include="..\..\..\..\Tmp\Moc\Apps\Test\ZSAppTestAsyncReqs\Debug_msvc2017\x64\moc_DatabaseGateway.cpp">
      <Filter>Generated Files\msvc2017\x64\Debug</Filter>
    </ClCompile>
    <ClCompile Include="..\..\..\..\Tmp\Moc\Apps\Test\ZSAppTestAsyncReqs\Debug_msvc2017\x64\moc_DatabaseThread.cpp">
      <Filter>Generated Files\msvc2017\x64\Debug</Filter>
    </ClCompile>
    <ClCompile Include="..\..\..\..\Tmp\Moc\Apps\Test\ZSAppTestAsyncReqs\Debug_msvc2017\x64\moc_DbClient.cpp">
      <Filter>Generated Files\msvc2017\x64\Debug</Filter>
    </ClCompile>
    <ClCompile Include="..\..\..\..\Tmp\Moc\Apps\Test\ZSAppTestAsyncReqs\Debug_msvc2017\x64\moc_DbClientGateway.cpp">
      <Filter>Generated Files\msvc2017\x64\Debug</Filter>
    </ClCompile>
    <ClCompile Include="..\..\..\..\Tmp\Moc\Apps\Test\ZSAppTestAsyncReqs\Debug_msvc2017\x64\moc_DbClientThread.cpp">
      <Filter>Generated Files\msvc2017\x64\Debug</Filter>
    </ClCompile>
    <ClCompile Include="..\..\..\..\Tmp\Moc\Apps\Test\ZSAppTestAsyncReqs\Debug_msvc2017\x64\moc_MainWindow.cpp">
      <Filter>Generated Files\msvc2017\x64\Debug</Filter>
    </ClCompile>
    <ClCompile Include="..\..\..\..\Tmp\Moc\Apps\Test\ZSAppTestAsyncReqs\Debug_msvc2017\x64\moc_WidgetCentral.cpp">
      <Filter>Generated Files\msvc2017\x64\Debug</Filter>
    </ClCompile>
    <ClCompile Include="..\..\..\..\Tmp\Moc\Apps\Test\ZSAppTestAsyncReqs\Debug_msvc2015\x64\moc_App.cpp">
      <Filter>Generated Files\msvc2015\x64\Debug</Filter>
    </ClCompile>
    <ClCompile Include="..\..\..\..\Tmp\Moc\Apps\Test\ZSAppTestAsyncReqs\Debug_msvc2015\x64\moc_Database.cpp">
      <Filter>Generated Files\msvc2015\x64\Debug</Filter>
    </ClCompile>
    <ClCompile Include="..\..\..\..\Tmp\Moc\Apps\Test\ZSAppTestAsyncReqs\Debug_msvc2015\x64\moc_DatabaseGateway.cpp">
      <Filter>Generated Files\msvc2015\x64\Debug</Filter>
    </ClCompile>
    <ClCompile Include="..\..\..\..\Tmp\Moc\Apps\Test\ZSAppTestAsyncReqs\Debug_msvc2015\x64\moc_DatabaseThread.cpp">
      <Filter>Generated Files\msvc2015\x64\Debug</Filter>
    </ClCompile>
    <ClCompile Include="..\..\..\..\Tmp\Moc\Apps\Test\ZSAppTestAsyncReqs\Debug_msvc2015\x64\moc_DbClient.cpp">
      <Filter>Generated Files\msvc2015\x64\Debug</Filter>
    </ClCompile>
    <ClCompile Include="..\..\..\..\Tmp\Moc\Apps\Test\ZSAppTestAsyncReqs\Debug_msvc2015\x64\moc_DbClientGateway.cpp">
      <Filter>Generated Files\msvc2015\x64\Debug</Filter>
    </ClCompile>
    <ClCompile Include="..\..\..\..\Tmp\Moc\Apps\Test\ZSAppTestAsyncReqs\Debug_msvc2015\x64\moc_DbClientThread.cpp">
      <Filter>Generated Files\msvc2015\x64\Debug</Filter>
    </ClCompile>
    <ClCompile Include="..\..\..\..\Tmp\Moc\Apps\Test\ZSAppTestAsyncReqs\Debug_msvc2015\x64\moc_MainWindow.cpp">
      <Filter>Generated Files\msvc2015\x64\Debug</Filter>
    </ClCompile>
    <ClCompile Include="..\..\..\..\Tmp\Moc\Apps\Test\ZSAppTestAsyncReqs\Debug_msvc2015\x64\moc_WidgetCentral.cpp">
      <Filter>Generated Files\msvc2015\x64\Debug</Filter>
    </ClCompile>
    <ClCompile Include="..\..\..\..\Tmp\Moc\Apps\Test\ZSAppTestAsyncReqs\Release_msvc2017\Win32\moc_App.cpp">
      <Filter>Generated Files\msvc2017\Win32\Release</Filter>
    </ClCompile>
    <ClCompile Include="..\..\..\..\Tmp\Moc\Apps\Test\ZSAppTestAsyncReqs\Release_msvc2017\Win32\moc_Database.cpp">
      <Filter>Generated Files\msvc2017\Win32\Release</Filter>
    </ClCompile>
    <ClCompile Include="..\..\..\..\Tmp\Moc\Apps\Test\ZSAppTestAsyncReqs\Release_msvc2017\Win32\moc_DatabaseGateway.cpp">
      <Filter>Generated Files\msvc2017\Win32\Release</Filter>
    </ClCompile>
    <ClCompile Include="..\..\..\..\Tmp\Moc\Apps\Test\ZSAppTestAsyncReqs\Release_msvc2017\Win32\moc_DatabaseThread.cpp">
      <Filter>Generated Files\msvc2017\Win32\Release</Filter>
    </ClCompile>
    <ClCompile Include="..\..\..\..\Tmp\Moc\Apps\Test\ZSAppTestAsyncReqs\Release_msvc2017\Win32\moc_DbClient.cpp">
      <Filter>Generated Files\msvc2017\Win32\Release</Filter>
    </ClCompile>
    <ClCompile Include="..\..\..\..\Tmp\Moc\Apps\Test\ZSAppTestAsyncReqs\Release_msvc2017\Win32\moc_DbClientGateway.cpp">
      <Filter>Generated Files\msvc2017\Win32\Release</Filter>
    </ClCompile>
    <ClCompile Include="..\..\..\..\Tmp\Moc\Apps\Test\ZSAppTestAsyncReqs\Release_msvc2017\Win32\moc_DbClientThread.cpp">
      <Filter>Generated Files\msvc2017\Win32\Release</Filter>
    </ClCompile>
    <ClCompile Include="..\..\..\..\Tmp\Moc\Apps\Test\ZSAppTestAsyncReqs\Release_msvc2017\Win32\moc_MainWindow.cpp">
      <Filter>Generated Files\msvc2017\Win32\Release</Filter>
    </ClCompile>
    <ClCompile Include="..\..\..\..\Tmp\Moc\Apps\Test\ZSAppTestAsyncReqs\Release_msvc2017\Win32\moc_WidgetCentral.cpp">
      <Filter>Generated Files\msvc2017\Win32\Release</Filter>
    </ClCompile>
    <ClCompile Include="..\..\..\..\Tmp\Moc\Apps\Test\ZSAppTestAsyncReqs\Debug_msvc2017\Win32\moc_App.cpp">
      <Filter>Generated Files\msvc2017\Win32\Debug</Filter>
    </ClCompile>
    <ClCompile Include="..\..\..\..\Tmp\Moc\Apps\Test\ZSAppTestAsyncReqs\Debug_msvc2017\Win32\moc_Database.cpp">
      <Filter>Generated Files\msvc2017\Win32\Debug</Filter>
    </ClCompile>
    <ClCompile Include="..\..\..\..\Tmp\Moc\Apps\Test\ZSAppTestAsyncReqs\Debug_msvc2017\Win32\moc_DatabaseGateway.cpp">
      <Filter>Generated Files\msvc2017\Win32\Debug</Filter>
    </ClCompile>
    <ClCompile Include="..\..\..\..\Tmp\Moc\Apps\Test\ZSAppTestAsyncReqs\Debug_msvc2017\Win32\moc_DatabaseThread.cpp">
      <Filter>Generated Files\msvc2017\Win32\Debug</Filter>
    </ClCompile>
    <ClCompile Include="..\..\..\..\Tmp\Moc\Apps\Test\ZSAppTestAsyncReqs\Debug_msvc2017\Win32\moc_DbClient.cpp">
      <Filter>Generated Files\msvc2017\Win32\Debug</Filter>
    </ClCompile>
    <ClCompile Include="..\..\..\..\Tmp\Moc\Apps\Test\ZSAppTestAsyncReqs\Debug_msvc2017\Win32\moc_DbClientGateway.cpp">
      <Filter>Generated Files\msvc2017\Win32\Debug</Filter>
    </ClCompile>
    <ClCompile Include="..\..\..\..\Tmp\Moc\Apps\Test\ZSAppTestAsyncReqs\Debug_msvc2017\Win32\moc_DbClientThread.cpp">
      <Filter>Generated Files\msvc2017\Win32\Debug</Filter>
    </ClCompile>
    <ClCompile Include="..\..\..\..\Tmp\Moc\Apps\Test\ZSAppTestAsyncReqs\Debug_msvc2017\Win32\moc_MainWindow.cpp">
      <Filter>Generated Files\msvc2017\Win32\Debug</Filter>
    </ClCompile>
    <ClCompile Include="..\..\..\..\Tmp\Moc\Apps\Test\ZSAppTestAsyncReqs\Debug_msvc2017\Win32\moc_WidgetCentral.cpp">
      <Filter>Generated Files\msvc2017\Win32\Debug</Filter>
    </ClCompile>
    <ClCompile Include="..\..\..\..\Tmp\Moc\Apps\Test\ZSAppTestAsyncReqs\Release_msvc2015\Win32\moc_App.cpp">
      <Filter>Generated Files\msvc2015\Win32\Release</Filter>
    </ClCompile>
    <ClCompile Include="..\..\..\..\Tmp\Moc\Apps\Test\ZSAppTestAsyncReqs\Release_msvc2015\Win32\moc_Database.cpp">
      <Filter>Generated Files\msvc2015\Win32\Release</Filter>
    </ClCompile>
    <ClCompile Include="..\..\..\..\Tmp\Moc\Apps\Test\ZSAppTestAsyncReqs\Release_msvc2015\Win32\moc_DatabaseGateway.cpp">
      <Filter>Generated Files\msvc2015\Win32\Release</Filter>
    </ClCompile>
    <ClCompile Include="..\..\..\..\Tmp\Moc\Apps\Test\ZSAppTestAsyncReqs\Release_msvc2015\Win32\moc_DatabaseThread.cpp">
      <Filter>Generated Files\msvc2015\Win32\Release</Filter>
    </ClCompile>
    <ClCompile Include="..\..\..\..\Tmp\Moc\Apps\Test\ZSAppTestAsyncReqs\Release_msvc2015\Win32\moc_DbClient.cpp">
      <Filter>Generated Files\msvc2015\Win32\Release</Filter>
    </ClCompile>
    <ClCompile Include="..\..\..\..\Tmp\Moc\Apps\Test\ZSAppTestAsyncReqs\Release_msvc2015\Win32\moc_DbClientGateway.cpp">
      <Filter>Generated Files\msvc2015\Win32\Release</Filter>
    </ClCompile>
    <ClCompile Include="..\..\..\..\Tmp\Moc\Apps\Test\ZSAppTestAsyncReqs\Release_msvc2015\Win32\moc_DbClientThread.cpp">
      <Filter>Generated Files\msvc2015\Win32\Release</Filter>
    </ClCompile>
    <ClCompile Include="..\..\..\..\Tmp\Moc\Apps\Test\ZSAppTestAsyncReqs\Release_msvc2015\Win32\moc_MainWindow.cpp">
      <Filter>Generated Files\msvc2015\Win32\Release</Filter>
    </ClCompile>
    <ClCompile Include="..\..\..\..\Tmp\Moc\Apps\Test\ZSAppTestAsyncReqs\Release_msvc2015\Win32\moc_WidgetCentral.cpp">
      <Filter>Generated Files\msvc2015\Win32\Release</Filter>
    </ClCompile>
    <ClCompile Include="..\..\..\..\Tmp\Moc\Apps\Test\ZSAppTestAsyncReqs\Debug_msvc2015\Win32\moc_App.cpp">
      <Filter>Generated Files\msvc2015\Win32\Debug</Filter>
    </ClCompile>
    <ClCompile Include="..\..\..\..\Tmp\Moc\Apps\Test\ZSAppTestAsyncReqs\Debug_msvc2015\Win32\moc_Database.cpp">
      <Filter>Generated Files\msvc2015\Win32\Debug</Filter>
    </ClCompile>
    <ClCompile Include="..\..\..\..\Tmp\Moc\Apps\Test\ZSAppTestAsyncReqs\Debug_msvc2015\Win32\moc_DatabaseGateway.cpp">
      <Filter>Generated Files\msvc2015\Win32\Debug</Filter>
    </ClCompile>
    <ClCompile Include="..\..\..\..\Tmp\Moc\Apps\Test\ZSAppTestAsyncReqs\Debug_msvc2015\Win32\moc_DatabaseThread.cpp">
      <Filter>Generated Files\msvc2015\Win32\Debug</Filter>
    </ClCompile>
    <ClCompile Include="..\..\..\..\Tmp\Moc\Apps\Test\ZSAppTestAsyncReqs\Debug_msvc2015\Win32\moc_DbClient.cpp">
      <Filter>Generated Files\msvc2015\Win32\Debug</Filter>
    </ClCompile>
    <ClCompile Include="..\..\..\..\Tmp\Moc\Apps\Test\ZSAppTestAsyncReqs\Debug_msvc2015\Win32\moc_DbClientGateway.cpp">
      <Filter>Generated Files\msvc2015\Win32\Debug</Filter>
    </ClCompile>
    <ClCompile Include="..\..\..\..\Tmp\Moc\Apps\Test\ZSAppTestAsyncReqs\Debug_msvc2015\Win32\moc_DbClientThread.cpp">
      <Filter>Generated Files\msvc2015\Win32\Debug</Filter>
    </ClCompile>
    <ClCompile Include="..\..\..\..\Tmp\Moc\Apps\Test\ZSAppTestAsyncReqs\Debug_msvc2015\Win32\moc_MainWindow.cpp">
      <Filter>Generated Files\msvc2015\Win32\Debug</Filter>
    </ClCompile>
    <ClCompile Include="..\..\..\..\Tmp\Moc\Apps\Test\ZSAppTestAsyncReqs\Debug_msvc2015\Win32\moc_WidgetCentral.cpp">
      <Filter>Generated Files\msvc2015\Win32\Debug</Filter>
    </ClCompile>
    <ClCompile Include="..\..\..\..\Tmp\Moc\Apps\Test\ZSAppTestAsyncReqs\Release_msvc2017\x64\moc_App.cpp">
      <Filter>Generated Files\msvc2017\x64\Release</Filter>
    </ClCompile>
    <ClCompile Include="..\..\..\..\Tmp\Moc\Apps\Test\ZSAppTestAsyncReqs\Release_msvc2017\x64\moc_Database.cpp">
      <Filter>Generated Files\msvc2017\x64\Release</Filter>
    </ClCompile>
    <ClCompile Include="..\..\..\..\Tmp\Moc\Apps\Test\ZSAppTestAsyncReqs\Release_msvc2017\x64\moc_DatabaseGateway.cpp">
      <Filter>Generated Files\msvc2017\x64\Release</Filter>
    </ClCompile>
    <ClCompile Include="..\..\..\..\Tmp\Moc\Apps\Test\ZSAppTestAsyncReqs\Release_msvc2017\x64\moc_DatabaseThread.cpp">
      <Filter>Generated Files\msvc2017\x64\Release</Filter>
    </ClCompile>
    <ClCompile Include="..\..\..\..\Tmp\Moc\Apps\Test\ZSAppTestAsyncReqs\Release_msvc2017\x64\moc_DbClient.cpp">
      <Filter>Generated Files\msvc2017\x64\Release</Filter>
    </ClCompile>
    <ClCompile Include="..\..\..\..\Tmp\Moc\Apps\Test\ZSAppTestAsyncReqs\Release_msvc2017\x64\moc_DbClientGateway.cpp">
      <Filter>Generated Files\msvc2017\x64\Release</Filter>
    </ClCompile>
    <ClCompile Include="..\..\..\..\Tmp\Moc\Apps\Test\ZSAppTestAsyncReqs\Release_msvc2017\x64\moc_DbClientThread.cpp">
      <Filter>Generated Files\msvc2017\x64\Release</Filter>
    </ClCompile>
    <ClCompile Include="..\..\..\..\Tmp\Moc\Apps\Test\ZSAppTestAsyncReqs\Release_msvc2017\x64\moc_MainWindow.cpp">
      <Filter>Generated Files\msvc2017\x64\Release</Filter>
    </ClCompile>
    <ClCompile Include="..\..\..\..\Tmp\Moc\Apps\Test\ZSAppTestAsyncReqs\Release_msvc2017\x64\moc_WidgetCentral.cpp">
      <Filter>Generated Files\msvc2017\x64\Release</Filter>
    </ClCompile>
    <ClCompile Include="..\..\..\..\Tmp\Moc\Apps\Test\ZSAppTestAsyncReqs\Debug_msvc2019\x64\moc_App.cpp">
      <Filter>Generated Files\msvc2019\x64\Debug</Filter>
    </ClCompile>
    <ClCompile Include="..\..\..\..\Tmp\Moc\Apps\Test\ZSAppTestAsyncReqs\Debug_msvc2019\x64\moc_Database.cpp">
      <Filter>Generated Files\msvc2019\x64\Debug</Filter>
    </ClCompile>
    <ClCompile Include="..\..\..\..\Tmp\Moc\Apps\Test\ZSAppTestAsyncReqs\Debug_msvc2019\x64\moc_DatabaseGateway.cpp">
      <Filter>Generated Files\msvc2019\x64\Debug</Filter>
    </ClCompile>
    <ClCompile Include="..\..\..\..\Tmp\Moc\Apps\Test\ZSAppTestAsyncReqs\Debug_msvc2019\x64\moc_DatabaseThread.cpp">
      <Filter>Generated Files\msvc2019\x64\Debug</Filter>
    </ClCompile>
    <ClCompile Include="..\..\..\..\Tmp\Moc\Apps\Test\ZSAppTestAsyncReqs\Debug_msvc2019\x64\moc_DbClient.cpp">
      <Filter>Generated Files\msvc2019\x64\Debug</Filter>
    </ClCompile>
    <ClCompile Include="..\..\..\..\Tmp\Moc\Apps\Test\ZSAppTestAsyncReqs\Debug_msvc2019\x64\moc_DbClientGateway.cpp">
      <Filter>Generated Files\msvc2019\x64\Debug</Filter>
    </ClCompile>
    <ClCompile Include="..\..\..\..\Tmp\Moc\Apps\Test\ZSAppTestAsyncReqs\Debug_msvc2019\x64\moc_DbClientThread.cpp">
      <Filter>Generated Files\msvc2019\x64\Debug</Filter>
    </ClCompile>
    <ClCompile Include="..\..\..\..\Tmp\Moc\Apps\Test\ZSAppTestAsyncReqs\Debug_msvc2019\x64\moc_MainWindow.cpp">
      <Filter>Generated Files\msvc2019\x64\Debug</Filter>
    </ClCompile>
    <ClCompile Include="..\..\..\..\Tmp\Moc\Apps\Test\ZSAppTestAsyncReqs\Debug_msvc2019\x64\moc_WidgetCentral.cpp">
      <Filter>Generated Files\msvc2019\x64\Debug</Filter>
    </ClCompile>
  </ItemGroup>
  <ItemGroup>
    <ClInclude Include="..\..\..\..\Include\Apps\Test\ZSAsyncReqs\Msg.h">
      <Filter>Include Files</Filter>
    </ClInclude>
  </ItemGroup>
  <ItemGroup>
    <CustomBuild Include="..\..\..\..\Include\Apps\Test\ZSAsyncReqs\App.h">
      <Filter>Include Files</Filter>
    </CustomBuild>
    <CustomBuild Include="..\..\..\..\Include\Apps\Test\ZSAsyncReqs\Database.h">
      <Filter>Include Files</Filter>
    </CustomBuild>
    <CustomBuild Include="..\..\..\..\Include\Apps\Test\ZSAsyncReqs\DatabaseGateway.h">
      <Filter>Include Files</Filter>
    </CustomBuild>
    <CustomBuild Include="..\..\..\..\Include\Apps\Test\ZSAsyncReqs\DatabaseThread.h">
      <Filter>Include Files</Filter>
    </CustomBuild>
    <CustomBuild Include="..\..\..\..\Include\Apps\Test\ZSAsyncReqs\DbClient.h">
      <Filter>Include Files</Filter>
    </CustomBuild>
    <CustomBuild Include="..\..\..\..\Include\Apps\Test\ZSAsyncReqs\DbClientGateway.h">
      <Filter>Include Files</Filter>
    </CustomBuild>
    <CustomBuild Include="..\..\..\..\Include\Apps\Test\ZSAsyncReqs\DbClientThread.h">
      <Filter>Include Files</Filter>
    </CustomBuild>
    <CustomBuild Include="..\..\..\..\Include\Apps\Test\ZSAsyncReqs\MainWindow.h">
      <Filter>Include Files</Filter>
    </CustomBuild>
    <CustomBuild Include="..\..\..\..\Include\Apps\Test\ZSAsyncReqs\WidgetCentral.h">
      <Filter>Include Files</Filter>
    </CustomBuild>
  </ItemGroup>
</Project>