
Microsoft Visual Studio Solution File, Format Version 12.00
# Visual Studio 2012
Project("{8BC9CEB8-8B4A-11D0-8D11-00A0C91BC942}") = "ZSAppTrcMthClient", "ZSAppTrcMthClient_11.0.vcxproj", "{28E78CDC-F7F9-443B-A963-91CE54A914EA}"
EndProject
Project("{8BC9CEB8-8B4A-11D0-8D11-00A0C91BC942}") = "ZSSys", "..\..\..\..\..\Make\Windows\ZSSys\ZSSys_11.0.vcxproj", "{EA947C05-2DCE-4908-AA0C-DEDD7D8C360A}"
EndProject
Project("{8BC9CEB8-8B4A-11D0-8D11-00A0C91BC942}") = "ZSIpc", "..\..\..\..\..\Make\Windows\ZSIpc\ZSIpc_11.0.vcxproj", "{13BAEBFE-DF24-45A2-BB4A-BA5CB8C61402}"
EndProject
Project("{8BC9CEB8-8B4A-11D0-8D11-00A0C91BC942}") = "ZSTrace", "..\..\..\..\..\Make\Windows\ZSTrace\ZSTrace_11.0.vcxproj", "{21BF28FD-CE9B-46FF-B361-CC00DE6D3864}"
EndProject
Project("{8BC9CEB8-8B4A-11D0-8D11-00A0C91BC942}") = "ZSSysGUI", "..\..\..\..\..\Make\Windows\ZSSysGUI\ZSSysGUI_11.0.vcxproj", "{A88089A6-8D1E-4D7C-A087-2B38FA086DE4}"
EndProject
Project("{8BC9CEB8-8B4A-11D0-8D11-00A0C91BC942}") = "ZSIpcGUI", "..\..\..\..\..\Make\Windows\ZSIpcGUI\ZSIpcGUI_11.0.vcxproj", "{A8E7CAA4-C1D3-4948-B648-FD338D841316}"
EndProject
Project("{8BC9CEB8-8B4A-11D0-8D11-00A0C91BC942}") = "ZSTraceGUI", "..\..\..\..\..\Make\Windows\ZSTraceGUI\ZSTraceGUI_11.0.vcxproj", "{37EA1175-4CB4-4E22-AF56-125870535E4B}"
EndProject
Global
	GlobalSection(SolutionConfigurationPlatforms) = preSolution
		Debug|Win32 = Debug|Win32
		Release|Win32 = Release|Win32
	EndGlobalSection
	GlobalSection(ProjectConfigurationPlatforms) = postSolution
		{28E78CDC-F7F9-443B-A963-91CE54A914EA}.Debug|Win32.ActiveCfg = Debug|Win32
		{28E78CDC-F7F9-443B-A963-91CE54A914EA}.Debug|Win32.Build.0 = Debug|Win32
		{28E78CDC-F7F9-443B-A963-91CE54A914EA}.Release|Win32.ActiveCfg = Release|Win32
		{28E78CDC-F7F9-443B-A963-91CE54A914EA}.Release|Win32.Build.0 = Release|Win32
		{EA947C05-2DCE-4908-AA0C-DEDD7D8C360A}.Debug|Win32.ActiveCfg = Debug|Win32
		{EA947C05-2DCE-4908-AA0C-DEDD7D8C360A}.Debug|Win32.Build.0 = Debug|Win32
		{EA947C05-2DCE-4908-AA0C-DEDD7D8C360A}.Release|Win32.ActiveCfg = Release|Win32
		{EA947C05-2DCE-4908-AA0C-DEDD7D8C360A}.Release|Win32.Build.0 = Release|Win32
		{13BAEBFE-DF24-45A2-BB4A-BA5CB8C61402}.Debug|Win32.ActiveCfg = Debug|Win32
		{13BAEBFE-DF24-45A2-BB4A-BA5CB8C61402}.Debug|Win32.Build.0 = Debug|Win32
		{13BAEBFE-DF24-45A2-BB4A-BA5CB8C61402}.Release|Win32.ActiveCfg = Release|Win32
		{13BAEBFE-DF24-45A2-BB4A-BA5CB8C61402}.Release|Win32.Build.0 = Release|Win32
		{21BF28FD-CE9B-46FF-B361-CC00DE6D3864}.Debug|Win32.ActiveCfg = Debug|Win32
		{21BF28FD-CE9B-46FF-B361-CC00DE6D3864}.Debug|Win32.Build.0 = Debug|Win32
		{21BF28FD-CE9B-46FF-B361-CC00DE6D3864}.Release|Win32.ActiveCfg = Release|Win32
		{21BF28FD-CE9B-46FF-B361-CC00DE6D3864}.Release|Win32.Build.0 = Release|Win32
		{A88089A6-8D1E-4D7C-A087-2B38FA086DE4}.Debug|Win32.ActiveCfg = Debug|Win32
		{A88089A6-8D1E-4D7C-A087-2B38FA086DE4}.Debug|Win32.Build.0 = Debug|Win32
		{A88089A6-8D1E-4D7C-A087-2B38FA086DE4}.Release|Win32.ActiveCfg = Release|Win32
		{A88089A6-8D1E-4D7C-A087-2B38FA086DE4}.Release|Win32.Build.0 = Release|Win32
		{A8E7CAA4-C1D3-4948-B648-FD338D841316}.Debug|Win32.ActiveCfg = Debug|Win32
		{A8E7CAA4-C1D3-4948-B648-FD338D841316}.Debug|Win32.Build.0 = Debug|Win32
		{A8E7CAA4-C1D3-4948-B648-FD338D841316}.Release|Win32.ActiveCfg = Release|Win32
		{A8E7CAA4-C1D3-4948-B648-FD338D841316}.Release|Win32.Build.0 = Release|Win32
		{37EA1175-4CB4-4E22-AF56-125870535E4B}.Debug|Win32.ActiveCfg = Debug|Win32
		{37EA1175-4CB4-4E22-AF56-125870535E4B}.Debug|Win32.Build.0 = Debug|Win32
		{37EA1175-4CB4-4E22-AF56-125870535E4B}.Release|Win32.ActiveCfg = Release|Win32
		{37EA1175-4CB4-4E22-AF56-125870535E4B}.Release|Win32.Build.0 = Release|Win32
	EndGlobalSection
	GlobalSection(SolutionProperties) = preSolution
		HideSolutionNode = FALSE
	EndGlobalSection
EndGlobal
