<?xml version="1.0" encoding="utf-8"?>
<Project ToolsVersion="4.0" xmlns="http://schemas.microsoft.com/developer/msbuild/2003">
  <ItemGroup>
    <Filter Include="Source Files">
      <UniqueIdentifier>{4FC737F1-C7A5-4376-A066-2A32D752A2FF}</UniqueIdentifier>
      <Extensions>cpp;c;cc;cxx;def;odl;idl;hpj;bat;asm;asmx</Extensions>
    </Filter>
    <Filter Include="Generated Files">
      <UniqueIdentifier>{93995380-89BD-4b04-88EB-625FBE52EBFB}</UniqueIdentifier>
      <Extensions>h;hpp;hxx;hm;inl;inc;xsd</Extensions>
    </Filter>
    <Filter Include="Resource Files">
      <UniqueIdentifier>{67DA6AB6-F800-4c08-8B7A-83BB121AAD01}</UniqueIdentifier>
      <Extensions>rc;ico;cur;bmp;dlg;rc2;rct;bin;rgs;gif;jpg;jpeg;jpe;resx;tiff;tif;png;wav</Extensions>
    </Filter>
    <Filter Include="Include Files">
      <UniqueIdentifier>{9c13346d-52b0-44eb-ad41-79b88895ef43}</UniqueIdentifier>
    </Filter>
    <Filter Include="Generated Files\msvc2015">
      <UniqueIdentifier>{02ccb6e5-5582-47f5-9b2d-0ed2db96f882}</UniqueIdentifier>
    </Filter>
    <Filter Include="Generated Files\msvc2015\Win32">
      <UniqueIdentifier>{d2a0aa51-dcc6-4121-84f1-95812f8f0656}</UniqueIdentifier>
    </Filter>
    <Filter Include="Generated Files\msvc2015\Win32\Debug">
      <UniqueIdentifier>{f104afd2-d9db-4872-b52e-126ca05a6891}</UniqueIdentifier>
    </Filter>
    <Filter Include="Generated Files\msvc2015\Win32\Release">
      <UniqueIdentifier>{8bfd5c3e-25ba-4dc1-8f98-8b2559493e24}</UniqueIdentifier>
    </Filter>
    <Filter Include="Generated Files\msvc2015\x64">
      <UniqueIdentifier>{f7bb54cd-a342-474e-9fb1-3a985c0e550d}</UniqueIdentifier>
    </Filter>
    <Filter Include="Generated Files\msvc2015\x64\Debug">
      <UniqueIdentifier>{a106a57d-e340-4cbd-adc1-4aaa90df9f4c}</UniqueIdentifier>
    </Filter>
    <Filter Include="Generated Files\msvc2015\x64\Release">
      <UniqueIdentifier>{f0ffa350-780a-41a9-a9a1-9073da1eff9c}</UniqueIdentifier>
    </Filter>
    <Filter Include="Generated Files\msvc2017">
      <UniqueIdentifier>{60eb8f4b-30d2-4c71-8ae2-f4329dc5916e}</UniqueIdentifier>
    </Filter>
    <Filter Include="Generated Files\msvc2017\Win32">
      <UniqueIdentifier>{ff6817b8-b121-4edc-bca2-40c82fb8ad9e}</UniqueIdentifier>
    </Filter>
    <Filter Include="Generated Files\msvc2017\Win32\Debug">
      <UniqueIdentifier>{9a9644bc-ddf2-43b4-a409-2b5dfb721c3e}</UniqueIdentifier>
    </Filter>
    <Filter Include="Generated Files\msvc2017\Win32\Release">
      <UniqueIdentifier>{4364138c-4f28-48e9-b019-ecdc6370c0ca}</UniqueIdentifier>
    </Filter>
    <Filter Include="Generated Files\msvc2017\x64">
      <UniqueIdentifier>{980f2669-f02b-4c63-a645-9f36c9101dad}</UniqueIdentifier>
    </Filter>
    <Filter Include="Generated Files\msvc2017\x64\Debug">
      <UniqueIdentifier>{1214ae91-94e9-4d8a-9daf-1fcb832473d4}</UniqueIdentifier>
    </Filter>
    <Filter Include="Generated Files\msvc2017\x64\Release">
      <UniqueIdentifier>{ce89d8bc-8b66-4c8a-a0ab-2fb9c81d427e}</UniqueIdentifier>
    </Filter>
    <Filter Include="Generated Files\msvc2019">
      <UniqueIdentifier>{aa1ff74b-96dc-4662-b2cf-bc1691b6da39}</UniqueIdentifier>
    </Filter>
    <Filter Include="Generated Files\msvc2019\x64">
      <UniqueIdentifier>{785d2e22-fc40-47bf-a075-c44571e1cad1}</UniqueIdentifier>
    </Filter>
    <Filter Include="Generated Files\msvc2019\x64\Debug">
      <UniqueIdentifier>{4dbc1789-9857-4b67-b7b0-7cfc11fc41fe}</UniqueIdentifier>
    </Filter>
    <Filter Include="Generated Files\msvc2019\x64\Release">
      <UniqueIdentifier>{483c686c-e5ce-4c29-b672-0a5127bbe1e9}</UniqueIdentifier>
    </Filter>
    <Filter Include="Generated Files\msvc2019\Win32">
      <UniqueIdentifier>{935c88ea-f0d2-475b-b84e-6f7c85df28b1}</UniqueIdentifier>
    </Filter>
    <Filter Include="Generated Files\msvc2019\Win32\Debug">
      <UniqueIdentifier>{ef682a50-f04f-4309-b59c-9ed9e77be03e}</UniqueIdentifier>
    </Filter>
    <Filter Include="Generated Files\msvc2019\Win32\Release">
      <UniqueIdentifier>{f6914dd8-9594-4353-b386-e0c6e5f57374}</UniqueIdentifier>
    </Filter>
  </ItemGroup>
  <ItemGroup>
    <ClCompile Include="..\..\..\Source\Libs\ZSTestGUI\ZSTestDlg.cpp">
      <Filter>Source Files</Filter>
    </ClCompile>
    <ClCompile Include="..\..\..\Source\Libs\ZSTestGUI\ZSTestGUIDllMain.cpp">
      <Filter>Source Files</Filter>
    </ClCompile>
    <ClCompile Include="..\..\..\Source\Libs\ZSTestGUI\ZSTestStepIdxTreeModel.cpp">
      <Filter>Source Files</Filter>
    </ClCompile>
    <ClCompile Include="..\..\..\Source\Libs\ZSTestGUI\ZSTestStepIdxTreeWdgt.cpp">
      <Filter>Source Files</Filter>
    </ClCompile>
    <ClCompile Include="..\..\..\Tmp\Moc\Libs\ZSTestGUI\Debug_msvc2015\Win32\moc_ZSTestDlg.cpp">
      <Filter>Generated Files\msvc2015\Win32\Debug</Filter>
    </ClCompile>
    <ClCompile Include="..\..\..\Tmp\Moc\Libs\ZSTestGUI\Release_msvc2015\Win32\moc_ZSTestDlg.cpp">
      <Filter>Generated Files\msvc2015\Win32\Release</Filter>
    </ClCompile>
    <ClCompile Include="..\..\..\Tmp\Moc\Libs\ZSTestGUI\Debug_msvc2015\x64\moc_ZSTestDlg.cpp">
      <Filter>Generated Files\msvc2015\x64\Debug</Filter>
    </ClCompile>
    <ClCompile Include="..\..\..\Tmp\Moc\Libs\ZSTestGUI\Release_msvc2015\x64\moc_ZSTestDlg.cpp">
      <Filter>Generated Files\msvc2015\x64\Release</Filter>
    </ClCompile>
    <ClCompile Include="..\..\..\Tmp\Moc\Libs\ZSTestGUI\Debug_msvc2017\Win32\moc_ZSTestDlg.cpp">
      <Filter>Generated Files\msvc2017\Win32\Debug</Filter>
    </ClCompile>
    <ClCompile Include="..\..\..\Tmp\Moc\Libs\ZSTestGUI\Release_msvc2017\Win32\moc_ZSTestDlg.cpp">
      <Filter>Generated Files\msvc2017\Win32\Release</Filter>
    </ClCompile>
    <ClCompile Include="..\..\..\Tmp\Moc\Libs\ZSTestGUI\Debug_msvc2017\x64\moc_ZSTestDlg.cpp">
      <Filter>Generated Files\msvc2017\x64\Debug</Filter>
    </ClCompile>
    <ClCompile Include="..\..\..\Tmp\Moc\Libs\ZSTestGUI\Debug_msvc2019\x64\moc_ZSTestDlg.cpp">
      <Filter>Generated Files\msvc2019\x64\Debug</Filter>
    </ClCompile>
    <ClCompile Include="..\..\..\Tmp\Moc\Libs\ZSTestGUI\Release_msvc2019\x64\moc_ZSTestDlg.cpp">
      <Filter>Generated Files\msvc2019\x64\Release</Filter>
    </ClCompile>
    <ClCompile Include="..\..\..\Tmp\Moc\Libs\ZSTestGUI\Release_msvc2019\Win32\moc_ZSTestDlg.cpp">
      <Filter>Generated Files\msvc2019\Win32\Release</Filter>
    </ClCompile>
    <ClCompile Include="..\..\..\Tmp\Moc\Libs\ZSTestGUI\Debug_msvc2019\Win32\moc_ZSTestDlg.cpp">
      <Filter>Generated Files\msvc2019\Win32\Debug</Filter>
    </ClCompile>
    <ClCompile Include="..\..\..\Tmp\Moc\Libs\ZSTestGUI\Release_msvc2017\x64\moc_ZSTestDlg.cpp">
      <Filter>Generated Files\msvc2017\x64\Release</Filter>
    </ClCompile>
    <ClCompile Include="..\..\..\Source\Libs\ZSTestGUI\ZSTestStepIdxTreeView.cpp">
      <Filter>Source Files</Filter>
    </ClCompile>
    <ClCompile Include="..\..\..\Tmp\Moc\Libs\ZSTestGUI\Debug_msvc2019\x64\moc_ZSTestStepIdxTreeModel.cpp">
      <Filter>Generated Files\msvc2019\x64\Debug</Filter>
    </ClCompile>
    <ClCompile Include="..\..\..\Tmp\Moc\Libs\ZSTestGUI\Debug_msvc2019\x64\moc_ZSTestStepIdxTreeWdgt.cpp">
      <Filter>Generated Files\msvc2019\x64\Debug</Filter>
    </ClCompile>
    <ClCompile Include="..\..\..\Tmp\Moc\Libs\ZSTestGUI\Release_msvc2019\x64\moc_ZSTestStepIdxTreeModel.cpp">
      <Filter>Generated Files\msvc2019\x64\Release</Filter>
    </ClCompile>
    <ClCompile Include="..\..\..\Tmp\Moc\Libs\ZSTestGUI\Release_msvc2019\x64\moc_ZSTestStepIdxTreeWdgt.cpp">
      <Filter>Generated Files\msvc2019\x64\Release</Filter>
    </ClCompile>
    <ClCompile Include="..\..\..\Tmp\Moc\Libs\ZSTestGUI\Debug_msvc2015\Win32\moc_ZSTestStepIdxTreeModel.cpp">
      <Filter>Generated Files\msvc2015\Win32\Debug</Filter>
    </ClCompile>
    <ClCompile Include="..\..\..\Tmp\Moc\Libs\ZSTestGUI\Debug_msvc2015\Win32\moc_ZSTestStepIdxTreeWdgt.cpp">
      <Filter>Generated Files\msvc2015\Win32\Debug</Filter>
    </ClCompile>
    <ClCompile Include="..\..\..\Tmp\Moc\Libs\ZSTestGUI\Release_msvc2015\Win32\moc_ZSTestStepIdxTreeModel.cpp">
      <Filter>Generated Files\msvc2015\Win32\Release</Filter>
    </ClCompile>
    <ClCompile Include="..\..\..\Tmp\Moc\Libs\ZSTestGUI\Release_msvc2015\Win32\moc_ZSTestStepIdxTreeWdgt.cpp">
      <Filter>Generated Files\msvc2015\Win32\Release</Filter>
    </ClCompile>
    <ClCompile Include="..\..\..\Tmp\Moc\Libs\ZSTestGUI\Debug_msvc2015\x64\moc_ZSTestStepIdxTreeModel.cpp">
      <Filter>Generated Files\msvc2015\x64\Debug</Filter>
    </ClCompile>
    <ClCompile Include="..\..\..\Tmp\Moc\Libs\ZSTestGUI\Debug_msvc2015\x64\moc_ZSTestStepIdxTreeWdgt.cpp">
      <Filter>Generated Files\msvc2015\x64\Debug</Filter>
    </ClCompile>
    <ClCompile Include="..\..\..\Tmp\Moc\Libs\ZSTestGUI\Debug_msvc2017\Win32\moc_ZSTestStepIdxTreeModel.cpp">
      <Filter>Generated Files\msvc2017\Win32\Debug</Filter>
    </ClCompile>
    <ClCompile Include="..\..\..\Tmp\Moc\Libs\ZSTestGUI\Debug_msvc2017\Win32\moc_ZSTestStepIdxTreeWdgt.cpp">
      <Filter>Generated Files\msvc2017\Win32\Debug</Filter>
    </ClCompile>
    <ClCompile Include="..\..\..\Tmp\Moc\Libs\ZSTestGUI\Release_msvc2017\Win32\moc_ZSTestStepIdxTreeModel.cpp">
      <Filter>Generated Files\msvc2017\Win32\Release</Filter>
    </ClCompile>
    <ClCompile Include="..\..\..\Tmp\Moc\Libs\ZSTestGUI\Release_msvc2017\Win32\moc_ZSTestStepIdxTreeWdgt.cpp">
      <Filter>Generated Files\msvc2017\Win32\Release</Filter>
    </ClCompile>
    <ClCompile Include="..\..\..\Tmp\Moc\Libs\ZSTestGUI\Debug_msvc2017\x64\moc_ZSTestStepIdxTreeModel.cpp">
      <Filter>Generated Files\msvc2017\x64\Debug</Filter>
    </ClCompile>
    <ClCompile Include="..\..\..\Tmp\Moc\Libs\ZSTestGUI\Debug_msvc2017\x64\moc_ZSTestStepIdxTreeWdgt.cpp">
      <Filter>Generated Files\msvc2017\x64\Debug</Filter>
    </ClCompile>
    <ClCompile Include="..\..\..\Tmp\Moc\Libs\ZSTestGUI\Debug_msvc2019\Win32\moc_ZSTestStepIdxTreeModel.cpp">
      <Filter>Generated Files\msvc2019\Win32\Debug</Filter>
    </ClCompile>
    <ClCompile Include="..\..\..\Tmp\Moc\Libs\ZSTestGUI\Debug_msvc2019\Win32\moc_ZSTestStepIdxTreeWdgt.cpp">
      <Filter>Generated Files\msvc2019\Win32\Debug</Filter>
    </ClCompile>
    <ClCompile Include="..\..\..\Tmp\Moc\Libs\ZSTestGUI\Release_msvc2019\Win32\moc_ZSTestStepIdxTreeModel.cpp">
      <Filter>Generated Files\msvc2019\Win32\Release</Filter>
    </ClCompile>
    <ClCompile Include="..\..\..\Tmp\Moc\Libs\ZSTestGUI\Release_msvc2019\Win32\moc_ZSTestStepIdxTreeWdgt.cpp">
      <Filter>Generated Files\msvc2019\Win32\Release</Filter>
    </ClCompile>
    <ClCompile Include="..\..\..\Tmp\Moc\Libs\ZSTestGUI\Release_msvc2015\x64\moc_ZSTestStepIdxTreeModel.cpp">
      <Filter>Generated Files\msvc2015\x64\Release</Filter>
    </ClCompile>
    <ClCompile Include="..\..\..\Tmp\Moc\Libs\ZSTestGUI\Release_msvc2015\x64\moc_ZSTestStepIdxTreeWdgt.cpp">
      <Filter>Generated Files\msvc2015\x64\Release</Filter>
    </ClCompile>
    <ClCompile Include="..\..\..\Tmp\Moc\Libs\ZSTestGUI\Release_msvc2017\x64\moc_ZSTestStepIdxTreeModel.cpp">
      <Filter>Generated Files\msvc2017\x64\Release</Filter>
    </ClCompile>
    <ClCompile Include="..\..\..\Tmp\Moc\Libs\ZSTestGUI\Release_msvc2017\x64\moc_ZSTestStepIdxTreeWdgt.cpp">
      <Filter>Generated Files\msvc2017\x64\Release</Filter>
    </ClCompile>
    <ClCompile Include="..\..\..\Tmp\Moc\Libs\ZSTestGUI\Debug_msvc2019\x64\moc_ZSTestStepIdxTreeView.cpp">
      <Filter>Generated Files\msvc2019\x64\Debug</Filter>
    </ClCompile>
    <ClCompile Include="..\..\..\Tmp\Moc\Libs\ZSTestGUI\Release_msvc2019\x64\moc_ZSTestStepIdxTreeView.cpp">
      <Filter>Generated Files\msvc2019\x64\Release</Filter>
    </ClCompile>
    <ClCompile Include="..\..\..\Tmp\Moc\Libs\ZSTestGUI\Release_msvc2019\Win32\moc_ZSTestStepIdxTreeView.cpp">
      <Filter>Generated Files\msvc2019\Win32\Release</Filter>
    </ClCompile>
    <ClCompile Include="..\..\..\Tmp\Moc\Libs\ZSTestGUI\Debug_msvc2019\Win32\moc_ZSTestStepIdxTreeView.cpp">
      <Filter>Generated Files\msvc2019\Win32\Debug</Filter>
    </ClCompile>
    <ClCompile Include="..\..\..\Tmp\Moc\Libs\ZSTestGUI\Debug_msvc2015\Win32\moc_ZSTestStepIdxTreeView.cpp">
      <Filter>Generated Files\msvc2015\Win32\Debug</Filter>
    </ClCompile>
    <ClCompile Include="..\..\..\Tmp\Moc\Libs\ZSTestGUI\Release_msvc2015\Win32\moc_ZSTestStepIdxTreeView.cpp">
      <Filter>Generated Files\msvc2015\Win32\Release</Filter>
    </ClCompile>
    <ClCompile Include="..\..\..\Tmp\Moc\Libs\ZSTestGUI\Debug_msvc2015\x64\moc_ZSTestStepIdxTreeView.cpp">
      <Filter>Generated Files\msvc2015\x64\Debug</Filter>
    </ClCompile>
    <ClCompile Include="..\..\..\Tmp\Moc\Libs\ZSTestGUI\Release_msvc2015\x64\moc_ZSTestStepIdxTreeView.cpp">
      <Filter>Generated Files\msvc2015\x64\Release</Filter>
    </ClCompile>
    <ClCompile Include="..\..\..\Tmp\Moc\Libs\ZSTestGUI\Debug_msvc2017\Win32\moc_ZSTestStepIdxTreeView.cpp">
      <Filter>Generated Files\msvc2017\Win32\Debug</Filter>
    </ClCompile>
    <ClCompile Include="..\..\..\Tmp\Moc\Libs\ZSTestGUI\Release_msvc2017\Win32\moc_ZSTestStepIdxTreeView.cpp">
      <Filter>Generated Files\msvc2017\Win32\Release</Filter>
    </ClCompile>
    <ClCompile Include="..\..\..\Tmp\Moc\Libs\ZSTestGUI\Debug_msvc2017\x64\moc_ZSTestStepIdxTreeView.cpp">
      <Filter>Generated Files\msvc2017\x64\Debug</Filter>
    </ClCompile>
    <ClCompile Include="..\..\..\Tmp\Moc\Libs\ZSTestGUI\Release_msvc2017\x64\moc_ZSTestStepIdxTreeView.cpp">
      <Filter>Generated Files\msvc2017\x64\Release</Filter>
    </ClCompile>
  </ItemGroup>
  <ItemGroup>
    <CustomBuild Include="..\..\..\Include\Libs\ZSTestGUI\ZSTestDlg.h">
      <Filter>Include Files</Filter>
    </CustomBuild>
    <CustomBuild Include="..\..\..\Include\Libs\ZSTestGUI\ZSTestStepIdxTreeModel.h">
      <Filter>Include Files</Filter>
    </CustomBuild>
    <CustomBuild Include="..\..\..\Include\Libs\ZSTestGUI\ZSTestStepIdxTreeWdgt.h">
      <Filter>Include Files</Filter>
    </CustomBuild>
    <CustomBuild Include="..\..\..\Include\Libs\ZSTestGUI\ZSTestStepIdxTreeView.h">
      <Filter>Include Files</Filter>
    </CustomBuild>
  </ItemGroup>
  <ItemGroup>
    <ClInclude Include="..\..\..\Include\Libs\ZSTestGUI\ZSTestGUIDllMain.h">
      <Filter>Include Files</Filter>
    </ClInclude>
  </ItemGroup>
  <ItemGroup>
    <Text Include="CMakeLists.txt" />
  </ItemGroup>
</Project>