<?xml version="1.0" encoding="utf-8"?>
<Project ToolsVersion="4.0" xmlns="http://schemas.microsoft.com/developer/msbuild/2003">
  <ItemGroup>
    <Filter Include="Source Files">
      <UniqueIdentifier>{4FC737F1-C7A5-4376-A066-2A32D752A2FF}</UniqueIdentifier>
      <Extensions>cpp;c;cc;cxx;def;odl;idl;hpj;bat;asm;asmx</Extensions>
    </Filter>
    <Filter Include="Generated Files">
      <UniqueIdentifier>{93995380-89BD-4b04-88EB-625FBE52EBFB}</UniqueIdentifier>
      <Extensions>h;hpp;hxx;hm;inl;inc;xsd</Extensions>
    </Filter>
    <Filter Include="Resource Files">
      <UniqueIdentifier>{67DA6AB6-F800-4c08-8B7A-83BB121AAD01}</UniqueIdentifier>
      <Extensions>rc;ico;cur;bmp;dlg;rc2;rct;bin;rgs;gif;jpg;jpeg;jpe;resx;tiff;tif;png;wav</Extensions>
    </Filter>
    <Filter Include="Include Files">
      <UniqueIdentifier>{9c13346d-52b0-44eb-ad41-79b88895ef43}</UniqueIdentifier>
    </Filter>
    <Filter Include="Generated Files\Win32">
      <UniqueIdentifier>{ff6817b8-b121-4edc-bca2-40c82fb8ad9e}</UniqueIdentifier>
    </Filter>
    <Filter Include="Generated Files\Win32\Debug">
      <UniqueIdentifier>{9a9644bc-ddf2-43b4-a409-2b5dfb721c3e}</UniqueIdentifier>
    </Filter>
    <Filter Include="Generated Files\Win32\Release">
      <UniqueIdentifier>{4364138c-4f28-48e9-b019-ecdc6370c0ca}</UniqueIdentifier>
    </Filter>
    <Filter Include="Generated Files\x64">
      <UniqueIdentifier>{980f2669-f02b-4c63-a645-9f36c9101dad}</UniqueIdentifier>
    </Filter>
    <Filter Include="Generated Files\x64\Debug">
      <UniqueIdentifier>{1214ae91-94e9-4d8a-9daf-1fcb832473d4}</UniqueIdentifier>
    </Filter>
    <Filter Include="Generated Files\x64\Release">
      <UniqueIdentifier>{ce89d8bc-8b66-4c8a-a0ab-2fb9c81d427e}</UniqueIdentifier>
    </Filter>
  </ItemGroup>
  <ItemGroup>
    <ClCompile Include="..\..\..\Source\ZSTestGUI\ZSTestDlg.cpp">
      <Filter>Source Files</Filter>
    </ClCompile>
    <ClCompile Include="..\..\..\Source\ZSTestGUI\ZSTestGUIDllMain.cpp">
      <Filter>Source Files</Filter>
    </ClCompile>
    <ClCompile Include="..\..\..\Source\ZSTestGUI\ZSTestStepAdminObjPoolModel.cpp">
      <Filter>Source Files</Filter>
    </ClCompile>
    <ClCompile Include="..\..\..\Source\ZSTestGUI\ZSTestWdgt.cpp">
      <Filter>Source Files</Filter>
    </ClCompile>
    <ClCompile Include="..\..\..\Source\ZSTestGUI\ZSTestWdgtGroupContent.cpp">
      <Filter>Source Files</Filter>
    </ClCompile>
    <ClCompile Include="..\..\..\Source\ZSTestGUI\ZSTestWdgtGroups.cpp">
      <Filter>Source Files</Filter>
    </ClCompile>
    <ClCompile Include="..\..\..\Tmp\Moc\ZSTestGUI\Win32\Debug\moc_ZSTestDlg.cpp">
      <Filter>Generated Files\Win32\Debug</Filter>
    </ClCompile>
    <ClCompile Include="..\..\..\Tmp\Moc\ZSTestGUI\Win32\Debug\moc_ZSTestStepAdminObjPoolModel.cpp">
      <Filter>Generated Files\Win32\Debug</Filter>
    </ClCompile>
    <ClCompile Include="..\..\..\Tmp\Moc\ZSTestGUI\Win32\Debug\moc_ZSTestWdgt.cpp">
      <Filter>Generated Files\Win32\Debug</Filter>
    </ClCompile>
    <ClCompile Include="..\..\..\Tmp\Moc\ZSTestGUI\Win32\Debug\moc_ZSTestWdgtGroupContent.cpp">
      <Filter>Generated Files\Win32\Debug</Filter>
    </ClCompile>
    <ClCompile Include="..\..\..\Tmp\Moc\ZSTestGUI\Win32\Debug\moc_ZSTestWdgtGroups.cpp">
      <Filter>Generated Files\Win32\Debug</Filter>
    </ClCompile>
    <ClCompile Include="..\..\..\Tmp\Moc\ZSTestGUI\Win32\Release\moc_ZSTestDlg.cpp">
      <Filter>Generated Files\Win32\Release</Filter>
    </ClCompile>
    <ClCompile Include="..\..\..\Tmp\Moc\ZSTestGUI\Win32\Release\moc_ZSTestStepAdminObjPoolModel.cpp">
      <Filter>Generated Files\Win32\Release</Filter>
    </ClCompile>
    <ClCompile Include="..\..\..\Tmp\Moc\ZSTestGUI\Win32\Release\moc_ZSTestWdgt.cpp">
      <Filter>Generated Files\Win32\Release</Filter>
    </ClCompile>
    <ClCompile Include="..\..\..\Tmp\Moc\ZSTestGUI\Win32\Release\moc_ZSTestWdgtGroupContent.cpp">
      <Filter>Generated Files\Win32\Release</Filter>
    </ClCompile>
    <ClCompile Include="..\..\..\Tmp\Moc\ZSTestGUI\Win32\Release\moc_ZSTestWdgtGroups.cpp">
      <Filter>Generated Files\Win32\Release</Filter>
    </ClCompile>
    <ClCompile Include="..\..\..\Tmp\Moc\ZSTestGUI\x64\Debug\moc_ZSTestDlg.cpp">
      <Filter>Generated Files\x64\Debug</Filter>
    </ClCompile>
    <ClCompile Include="..\..\..\Tmp\Moc\ZSTestGUI\x64\Debug\moc_ZSTestStepAdminObjPoolModel.cpp">
      <Filter>Generated Files\x64\Debug</Filter>
    </ClCompile>
    <ClCompile Include="..\..\..\Tmp\Moc\ZSTestGUI\x64\Debug\moc_ZSTestWdgt.cpp">
      <Filter>Generated Files\x64\Debug</Filter>
    </ClCompile>
    <ClCompile Include="..\..\..\Tmp\Moc\ZSTestGUI\x64\Debug\moc_ZSTestWdgtGroupContent.cpp">
      <Filter>Generated Files\x64\Debug</Filter>
    </ClCompile>
    <ClCompile Include="..\..\..\Tmp\Moc\ZSTestGUI\x64\Debug\moc_ZSTestWdgtGroups.cpp">
      <Filter>Generated Files\x64\Debug</Filter>
    </ClCompile>
    <ClCompile Include="..\..\..\Tmp\Moc\ZSTestGUI\x64\Release\moc_ZSTestDlg.cpp">
      <Filter>Generated Files\x64\Release</Filter>
    </ClCompile>
    <ClCompile Include="..\..\..\Tmp\Moc\ZSTestGUI\x64\Release\moc_ZSTestStepAdminObjPoolModel.cpp">
      <Filter>Generated Files\x64\Release</Filter>
    </ClCompile>
    <ClCompile Include="..\..\..\Tmp\Moc\ZSTestGUI\x64\Release\moc_ZSTestWdgt.cpp">
      <Filter>Generated Files\x64\Release</Filter>
    </ClCompile>
    <ClCompile Include="..\..\..\Tmp\Moc\ZSTestGUI\x64\Release\moc_ZSTestWdgtGroupContent.cpp">
      <Filter>Generated Files\x64\Release</Filter>
    </ClCompile>
    <ClCompile Include="..\..\..\Tmp\Moc\ZSTestGUI\x64\Release\moc_ZSTestWdgtGroups.cpp">
      <Filter>Generated Files\x64\Release</Filter>
    </ClCompile>
  </ItemGroup>
  <ItemGroup>
    <ClInclude Include="..\..\..\Include\ZSTestGUI\ZSTestGUIDllMain.h">
      <Filter>Include Files</Filter>
    </ClInclude>
  </ItemGroup>
  <ItemGroup>
    <CustomBuild Include="..\..\..\Include\ZSTestGUI\ZSTestDlg.h">
      <Filter>Include Files</Filter>
    </CustomBuild>
    <CustomBuild Include="..\..\..\Include\ZSTestGUI\ZSTestStepAdminObjPoolModel.h">
      <Filter>Include Files</Filter>
    </CustomBuild>
    <CustomBuild Include="..\..\..\Include\ZSTestGUI\ZSTestWdgt.h">
      <Filter>Include Files</Filter>
    </CustomBuild>
    <CustomBuild Include="..\..\..\Include\ZSTestGUI\ZSTestWdgtGroupContent.h">
      <Filter>Include Files</Filter>
    </CustomBuild>
    <CustomBuild Include="..\..\..\Include\ZSTestGUI\ZSTestWdgtGroups.h">
      <Filter>Include Files</Filter>
    </CustomBuild>
  </ItemGroup>
</Project>