<?xml version="1.0" encoding="utf-8"?>
<Project ToolsVersion="4.0" xmlns="http://schemas.microsoft.com/developer/msbuild/2003">
  <ItemGroup>
    <Filter Include="Source Files">
      <UniqueIdentifier>{4FC737F1-C7A5-4376-A066-2A32D752A2FF}</UniqueIdentifier>
      <Extensions>cpp;c;cc;cxx;def;odl;idl;hpj;bat;asm;asmx</Extensions>
    </Filter>
    <Filter Include="Generated Files">
      <UniqueIdentifier>{93995380-89BD-4b04-88EB-625FBE52EBFB}</UniqueIdentifier>
      <Extensions>h;hpp;hxx;hm;inl;inc;xsd</Extensions>
    </Filter>
    <Filter Include="Resource Files">
      <UniqueIdentifier>{67DA6AB6-F800-4c08-8B7A-83BB121AAD01}</UniqueIdentifier>
      <Extensions>rc;ico;cur;bmp;dlg;rc2;rct;bin;rgs;gif;jpg;jpeg;jpe;resx;tiff;tif;png;wav</Extensions>
    </Filter>
    <Filter Include="Include Files">
      <UniqueIdentifier>{bb10b186-6cd1-47fb-b0d7-b683148511b2}</UniqueIdentifier>
    </Filter>
    <Filter Include="Generated Files\Win32">
      <UniqueIdentifier>{80711f28-18fb-4bb7-bd93-30d02cdd09d4}</UniqueIdentifier>
    </Filter>
    <Filter Include="Generated Files\Win32\Debug">
      <UniqueIdentifier>{9752ddb4-8222-4ac7-a6e7-ca7633c17882}</UniqueIdentifier>
    </Filter>
    <Filter Include="Generated Files\Win32\Release">
      <UniqueIdentifier>{9531b3f0-fd83-4e3a-9baf-951c817b90d9}</UniqueIdentifier>
    </Filter>
    <Filter Include="Generated Files\x64">
      <UniqueIdentifier>{9143ec7a-6e50-4e89-ae82-9aa68c4f5431}</UniqueIdentifier>
    </Filter>
    <Filter Include="Generated Files\x64\Debug">
      <UniqueIdentifier>{6c8b6075-4fcb-4ec4-a302-8e8f96c304f7}</UniqueIdentifier>
    </Filter>
    <Filter Include="Generated Files\x64\Release">
      <UniqueIdentifier>{2a86b71d-56f1-4420-98f0-d7e52b89e3fa}</UniqueIdentifier>
    </Filter>
  </ItemGroup>
  <ItemGroup>
    <ClCompile Include="..\..\..\Tmp\Moc\Libs\ZSIpcTrace\msvc2015_Win32\Debug\moc_ZSIpcTrcClient.cpp">
      <Filter>Generated Files\Win32\Debug</Filter>
    </ClCompile>
    <ClCompile Include="..\..\..\Tmp\Moc\Libs\ZSIpcTrace\msvc2015_Win32\Debug\moc_ZSIpcTrcServer.cpp">
      <Filter>Generated Files\Win32\Debug</Filter>
    </ClCompile>
    <ClCompile Include="..\..\..\Tmp\Moc\Libs\ZSIpcTrace\msvc2015_Win32\Release\moc_ZSIpcTrcClient.cpp">
      <Filter>Generated Files\Win32\Release</Filter>
    </ClCompile>
    <ClCompile Include="..\..\..\Tmp\Moc\Libs\ZSIpcTrace\msvc2015_Win32\Release\moc_ZSIpcTrcServer.cpp">
      <Filter>Generated Files\Win32\Release</Filter>
    </ClCompile>
    <ClCompile Include="..\..\..\Tmp\Moc\Libs\ZSIpcTrace\msvc2015_x64\Debug\moc_ZSIpcTrcClient.cpp">
      <Filter>Generated Files\x64\Debug</Filter>
    </ClCompile>
    <ClCompile Include="..\..\..\Tmp\Moc\Libs\ZSIpcTrace\msvc2015_x64\Debug\moc_ZSIpcTrcServer.cpp">
      <Filter>Generated Files\x64\Debug</Filter>
    </ClCompile>
    <ClCompile Include="..\..\..\Tmp\Moc\Libs\ZSIpcTrace\msvc2015_x64\Release\moc_ZSIpcTrcClient.cpp">
      <Filter>Generated Files\x64\Release</Filter>
    </ClCompile>
    <ClCompile Include="..\..\..\Tmp\Moc\Libs\ZSIpcTrace\msvc2015_x64\Release\moc_ZSIpcTrcServer.cpp">
      <Filter>Generated Files\x64\Release</Filter>
    </ClCompile>
    <ClCompile Include="..\..\..\Source\Libs\ZSIpcTrace\ZSIpcTrcClient.cpp">
      <Filter>Source Files</Filter>
    </ClCompile>
    <ClCompile Include="..\..\..\Source\Libs\ZSIpcTrace\ZSIpcTrcDllIf.cpp">
      <Filter>Source Files</Filter>
    </ClCompile>
    <ClCompile Include="..\..\..\Source\Libs\ZSIpcTrace\ZSIpcTrcDllMain.cpp">
      <Filter>Source Files</Filter>
    </ClCompile>
    <ClCompile Include="..\..\..\Source\Libs\ZSIpcTrace\ZSIpcTrcServer.cpp">
      <Filter>Source Files</Filter>
    </ClCompile>
    <ClCompile Include="..\..\..\Source\Libs\ZSIpcTrace\ZSIpcTrcDllIfServerThread.cpp">
      <Filter>Source Files</Filter>
    </ClCompile>
  </ItemGroup>
  <ItemGroup>
    <ClInclude Include="..\..\..\Include\Libs\ZSIpcTrace\ZSIpcTrcDllIf.h">
      <Filter>Include Files</Filter>
    </ClInclude>
    <ClInclude Include="..\..\..\Include\Libs\ZSIpcTrace\ZSIpcTrcDllMain.h">
      <Filter>Include Files</Filter>
    </ClInclude>
    <ClInclude Include="..\..\..\Include\Libs\ZSIpcTrace\ZSIpcTrcDllIfServerThread.h">
      <Filter>Include Files</Filter>
    </ClInclude>
  </ItemGroup>
  <ItemGroup>
    <CustomBuild Include="..\..\..\Include\Libs\ZSIpcTrace\ZSIpcTrcClient.h">
      <Filter>Include Files</Filter>
    </CustomBuild>
    <CustomBuild Include="..\..\..\Include\Libs\ZSIpcTrace\ZSIpcTrcServer.h">
      <Filter>Include Files</Filter>
    </CustomBuild>
  </ItemGroup>
</Project>