<?xml version="1.0" encoding="utf-8"?>
<Project ToolsVersion="4.0" xmlns="http://schemas.microsoft.com/developer/msbuild/2003">
  <ItemGroup>
    <Filter Include="Source Files">
      <UniqueIdentifier>{4FC737F1-C7A5-4376-A066-2A32D752A2FF}</UniqueIdentifier>
      <Extensions>cpp;c;cc;cxx;def;odl;idl;hpj;bat;asm;asmx</Extensions>
    </Filter>
    <Filter Include="Generated Files">
      <UniqueIdentifier>{93995380-89BD-4b04-88EB-625FBE52EBFB}</UniqueIdentifier>
      <Extensions>h;hpp;hxx;hm;inl;inc;xsd</Extensions>
    </Filter>
    <Filter Include="Resource Files">
      <UniqueIdentifier>{67DA6AB6-F800-4c08-8B7A-83BB121AAD01}</UniqueIdentifier>
      <Extensions>rc;ico;cur;bmp;dlg;rc2;rct;bin;rgs;gif;jpg;jpeg;jpe;resx;tiff;tif;png;wav</Extensions>
    </Filter>
    <Filter Include="Include Files">
      <UniqueIdentifier>{d8a46680-4898-4692-9925-7aefc93519ab}</UniqueIdentifier>
    </Filter>
    <Filter Include="Generated Files\msvc2015">
      <UniqueIdentifier>{8c92e496-9aa1-4cda-bfc9-6881a85a2af4}</UniqueIdentifier>
    </Filter>
    <Filter Include="Generated Files\msvc2015\Win32">
      <UniqueIdentifier>{806696da-f4ee-4a2c-9f4e-b186cc095063}</UniqueIdentifier>
    </Filter>
    <Filter Include="Generated Files\msvc2015\Win32\Debug">
      <UniqueIdentifier>{f33023b8-aa77-4fe7-ae87-10418ab7b111}</UniqueIdentifier>
    </Filter>
    <Filter Include="Generated Files\msvc2015\Win32\Release">
      <UniqueIdentifier>{42eab0f4-d5f6-4e85-9c9d-d63b5efed09b}</UniqueIdentifier>
    </Filter>
    <Filter Include="Generated Files\msvc2015\x64">
      <UniqueIdentifier>{2de43f00-b596-4788-9f5d-b964c5ba16c3}</UniqueIdentifier>
    </Filter>
    <Filter Include="Generated Files\msvc2015\x64\Debug">
      <UniqueIdentifier>{35b2a78e-5b31-4d4b-bf65-53c3f8b6cfc1}</UniqueIdentifier>
    </Filter>
    <Filter Include="Generated Files\msvc2015\x64\Release">
      <UniqueIdentifier>{23117bd3-a071-4e66-b0f7-2547144fa23b}</UniqueIdentifier>
    </Filter>
    <Filter Include="Generated Files\msvc2017">
      <UniqueIdentifier>{99528265-591c-415e-86ef-ed12b0ba9c82}</UniqueIdentifier>
    </Filter>
    <Filter Include="Generated Files\msvc2017\Win32">
      <UniqueIdentifier>{14591c1a-8e0d-47e6-833e-d2a60ab6151d}</UniqueIdentifier>
    </Filter>
    <Filter Include="Generated Files\msvc2017\Win32\Release">
      <UniqueIdentifier>{bab8ee6a-d862-440f-bdca-06590425a3d4}</UniqueIdentifier>
    </Filter>
    <Filter Include="Generated Files\msvc2017\Win32\Debug">
      <UniqueIdentifier>{1539815b-0c86-446b-95b1-a5814f337bac}</UniqueIdentifier>
    </Filter>
    <Filter Include="Generated Files\msvc2017\x64">
      <UniqueIdentifier>{4782524b-b895-41e0-85da-0ebffbb2ab32}</UniqueIdentifier>
    </Filter>
    <Filter Include="Generated Files\msvc2017\x64\Debug">
      <UniqueIdentifier>{11400b73-f13a-4e7c-8e9c-fe86cdd997e4}</UniqueIdentifier>
    </Filter>
    <Filter Include="Generated Files\msvc2017\x64\Release">
      <UniqueIdentifier>{7bdcac5d-a081-4015-ba1b-66e707ba5ad1}</UniqueIdentifier>
    </Filter>
    <Filter Include="Generated Files\msvc2019">
      <UniqueIdentifier>{85823d36-37b2-4b4f-8d29-edb61b8e0ba4}</UniqueIdentifier>
    </Filter>
    <Filter Include="Generated Files\msvc2019\x64">
      <UniqueIdentifier>{3e5d3800-b392-4201-9cdc-94be007b7733}</UniqueIdentifier>
    </Filter>
    <Filter Include="Generated Files\msvc2019\x64\Debug">
      <UniqueIdentifier>{0936da18-59be-4071-a09d-7a1d78f863da}</UniqueIdentifier>
    </Filter>
    <Filter Include="Generated Files\msvc2019\x64\Release">
      <UniqueIdentifier>{9b2ea4de-bdb8-4b2f-9136-2683afd35308}</UniqueIdentifier>
    </Filter>
    <Filter Include="Generated Files\msvc2019\Win32">
      <UniqueIdentifier>{313af08a-b9b0-4fab-a964-20a2d4fbaff3}</UniqueIdentifier>
    </Filter>
    <Filter Include="Generated Files\msvc2019\Win32\Debug">
      <UniqueIdentifier>{265b3cae-36c6-4514-99c1-a3418acb8e9b}</UniqueIdentifier>
    </Filter>
    <Filter Include="Generated Files\msvc2019\Win32\Release">
      <UniqueIdentifier>{4c92cbdc-27f8-4fec-a7c2-be0b925108f0}</UniqueIdentifier>
    </Filter>
  </ItemGroup>
  <ItemGroup>
    <ClCompile Include="..\..\..\..\Source\Apps\Test\ZSIpcTrace\App.cpp">
      <Filter>Source Files</Filter>
    </ClCompile>
    <ClCompile Include="..\..\..\..\Source\Apps\Test\ZSIpcTrace\Main.cpp">
      <Filter>Source Files</Filter>
    </ClCompile>
    <ClCompile Include="..\..\..\..\Source\Apps\Test\ZSIpcTrace\MainWindow.cpp">
      <Filter>Source Files</Filter>
    </ClCompile>
    <ClCompile Include="..\..\..\..\Source\Apps\Test\ZSIpcTrace\MsgTest.cpp">
      <Filter>Source Files</Filter>
    </ClCompile>
    <ClCompile Include="..\..\..\..\Source\Apps\Test\ZSIpcTrace\TestModule1.cpp">
      <Filter>Source Files</Filter>
    </ClCompile>
    <ClCompile Include="..\..\..\..\Source\Apps\Test\ZSIpcTrace\TestModule2.cpp">
      <Filter>Source Files</Filter>
    </ClCompile>
    <ClCompile Include="..\..\..\..\Source\Apps\Test\ZSIpcTrace\WidgetCentral.cpp">
      <Filter>Source Files</Filter>
    </ClCompile>
    <ClCompile Include="..\..\..\..\Source\Apps\Test\ZSIpcTrace\WdgtTestOutput.cpp">
      <Filter>Source Files</Filter>
    </ClCompile>
    <ClCompile Include="..\..\..\..\Source\Apps\Test\ZSIpcTrace\Test.cpp">
      <Filter>Source Files</Filter>
    </ClCompile>
    <ClCompile Include="..\..\..\..\Tmp\Moc\Apps\Test\ZSAppTestIpcTrace\Debug_msvc2017\x64\moc_App.cpp">
      <Filter>Generated Files\msvc2017\x64\Debug</Filter>
    </ClCompile>
    <ClCompile Include="..\..\..\..\Tmp\Moc\Apps\Test\ZSAppTestIpcTrace\Debug_msvc2017\x64\moc_MainWindow.cpp">
      <Filter>Generated Files\msvc2017\x64\Debug</Filter>
    </ClCompile>
    <ClCompile Include="..\..\..\..\Tmp\Moc\Apps\Test\ZSAppTestIpcTrace\Debug_msvc2017\x64\moc_Test.cpp">
      <Filter>Generated Files\msvc2017\x64\Debug</Filter>
    </ClCompile>
    <ClCompile Include="..\..\..\..\Tmp\Moc\Apps\Test\ZSAppTestIpcTrace\Debug_msvc2017\x64\moc_TestModule1.cpp">
      <Filter>Generated Files\msvc2017\x64\Debug</Filter>
    </ClCompile>
    <ClCompile Include="..\..\..\..\Tmp\Moc\Apps\Test\ZSAppTestIpcTrace\Debug_msvc2017\x64\moc_TestModule2.cpp">
      <Filter>Generated Files\msvc2017\x64\Debug</Filter>
    </ClCompile>
    <ClCompile Include="..\..\..\..\Tmp\Moc\Apps\Test\ZSAppTestIpcTrace\Debug_msvc2017\x64\moc_WdgtTestOutput.cpp">
      <Filter>Generated Files\msvc2017\x64\Debug</Filter>
    </ClCompile>
    <ClCompile Include="..\..\..\..\Tmp\Moc\Apps\Test\ZSAppTestIpcTrace\Debug_msvc2017\x64\moc_WidgetCentral.cpp">
      <Filter>Generated Files\msvc2017\x64\Debug</Filter>
    </ClCompile>
    <ClCompile Include="..\..\..\..\Tmp\Moc\Apps\Test\ZSAppTestIpcTrace\Release_msvc2015\x64\moc_App.cpp">
      <Filter>Generated Files\msvc2015\x64\Release</Filter>
    </ClCompile>
    <ClCompile Include="..\..\..\..\Tmp\Moc\Apps\Test\ZSAppTestIpcTrace\Release_msvc2015\x64\moc_MainWindow.cpp">
      <Filter>Generated Files\msvc2015\x64\Release</Filter>
    </ClCompile>
    <ClCompile Include="..\..\..\..\Tmp\Moc\Apps\Test\ZSAppTestIpcTrace\Release_msvc2015\x64\moc_Test.cpp">
      <Filter>Generated Files\msvc2015\x64\Release</Filter>
    </ClCompile>
    <ClCompile Include="..\..\..\..\Tmp\Moc\Apps\Test\ZSAppTestIpcTrace\Release_msvc2015\x64\moc_TestModule1.cpp">
      <Filter>Generated Files\msvc2015\x64\Release</Filter>
    </ClCompile>
    <ClCompile Include="..\..\..\..\Tmp\Moc\Apps\Test\ZSAppTestIpcTrace\Release_msvc2015\x64\moc_TestModule2.cpp">
      <Filter>Generated Files\msvc2015\x64\Release</Filter>
    </ClCompile>
    <ClCompile Include="..\..\..\..\Tmp\Moc\Apps\Test\ZSAppTestIpcTrace\Release_msvc2015\x64\moc_WdgtTestOutput.cpp">
      <Filter>Generated Files\msvc2015\x64\Release</Filter>
    </ClCompile>
    <ClCompile Include="..\..\..\..\Tmp\Moc\Apps\Test\ZSAppTestIpcTrace\Release_msvc2015\x64\moc_WidgetCentral.cpp">
      <Filter>Generated Files\msvc2015\x64\Release</Filter>
    </ClCompile>
    <ClCompile Include="..\..\..\..\Tmp\Moc\Apps\Test\ZSAppTestIpcTrace\Debug_msvc2015\x64\moc_App.cpp">
      <Filter>Generated Files\msvc2015\x64\Debug</Filter>
    </ClCompile>
    <ClCompile Include="..\..\..\..\Tmp\Moc\Apps\Test\ZSAppTestIpcTrace\Debug_msvc2015\x64\moc_MainWindow.cpp">
      <Filter>Generated Files\msvc2015\x64\Debug</Filter>
    </ClCompile>
    <ClCompile Include="..\..\..\..\Tmp\Moc\Apps\Test\ZSAppTestIpcTrace\Debug_msvc2015\x64\moc_Test.cpp">
      <Filter>Generated Files\msvc2015\x64\Debug</Filter>
    </ClCompile>
    <ClCompile Include="..\..\..\..\Tmp\Moc\Apps\Test\ZSAppTestIpcTrace\Debug_msvc2015\x64\moc_TestModule1.cpp">
      <Filter>Generated Files\msvc2015\x64\Debug</Filter>
    </ClCompile>
    <ClCompile Include="..\..\..\..\Tmp\Moc\Apps\Test\ZSAppTestIpcTrace\Debug_msvc2015\x64\moc_TestModule2.cpp">
      <Filter>Generated Files\msvc2015\x64\Debug</Filter>
    </ClCompile>
    <ClCompile Include="..\..\..\..\Tmp\Moc\Apps\Test\ZSAppTestIpcTrace\Debug_msvc2015\x64\moc_WdgtTestOutput.cpp">
      <Filter>Generated Files\msvc2015\x64\Debug</Filter>
    </ClCompile>
    <ClCompile Include="..\..\..\..\Tmp\Moc\Apps\Test\ZSAppTestIpcTrace\Debug_msvc2015\x64\moc_WidgetCentral.cpp">
      <Filter>Generated Files\msvc2015\x64\Debug</Filter>
    </ClCompile>
    <ClCompile Include="..\..\..\..\Tmp\Moc\Apps\Test\ZSAppTestIpcTrace\Release_msvc2017\Win32\moc_App.cpp">
      <Filter>Generated Files\msvc2017\Win32\Release</Filter>
    </ClCompile>
    <ClCompile Include="..\..\..\..\Tmp\Moc\Apps\Test\ZSAppTestIpcTrace\Release_msvc2017\Win32\moc_MainWindow.cpp">
      <Filter>Generated Files\msvc2017\Win32\Release</Filter>
    </ClCompile>
    <ClCompile Include="..\..\..\..\Tmp\Moc\Apps\Test\ZSAppTestIpcTrace\Release_msvc2017\Win32\moc_Test.cpp">
      <Filter>Generated Files\msvc2017\Win32\Release</Filter>
    </ClCompile>
    <ClCompile Include="..\..\..\..\Tmp\Moc\Apps\Test\ZSAppTestIpcTrace\Release_msvc2017\Win32\moc_TestModule1.cpp">
      <Filter>Generated Files\msvc2017\Win32\Release</Filter>
    </ClCompile>
    <ClCompile Include="..\..\..\..\Tmp\Moc\Apps\Test\ZSAppTestIpcTrace\Release_msvc2017\Win32\moc_TestModule2.cpp">
      <Filter>Generated Files\msvc2017\Win32\Release</Filter>
    </ClCompile>
    <ClCompile Include="..\..\..\..\Tmp\Moc\Apps\Test\ZSAppTestIpcTrace\Release_msvc2017\Win32\moc_WdgtTestOutput.cpp">
      <Filter>Generated Files\msvc2017\Win32\Release</Filter>
    </ClCompile>
    <ClCompile Include="..\..\..\..\Tmp\Moc\Apps\Test\ZSAppTestIpcTrace\Release_msvc2017\Win32\moc_WidgetCentral.cpp">
      <Filter>Generated Files\msvc2017\Win32\Release</Filter>
    </ClCompile>
    <ClCompile Include="..\..\..\..\Tmp\Moc\Apps\Test\ZSAppTestIpcTrace\Debug_msvc2017\Win32\moc_App.cpp">
      <Filter>Generated Files\msvc2017\Win32\Debug</Filter>
    </ClCompile>
    <ClCompile Include="..\..\..\..\Tmp\Moc\Apps\Test\ZSAppTestIpcTrace\Debug_msvc2017\Win32\moc_MainWindow.cpp">
      <Filter>Generated Files\msvc2017\Win32\Debug</Filter>
    </ClCompile>
    <ClCompile Include="..\..\..\..\Tmp\Moc\Apps\Test\ZSAppTestIpcTrace\Debug_msvc2017\Win32\moc_Test.cpp">
      <Filter>Generated Files\msvc2017\Win32\Debug</Filter>
    </ClCompile>
    <ClCompile Include="..\..\..\..\Tmp\Moc\Apps\Test\ZSAppTestIpcTrace\Debug_msvc2017\Win32\moc_TestModule1.cpp">
      <Filter>Generated Files\msvc2017\Win32\Debug</Filter>
    </ClCompile>
    <ClCompile Include="..\..\..\..\Tmp\Moc\Apps\Test\ZSAppTestIpcTrace\Debug_msvc2017\Win32\moc_TestModule2.cpp">
      <Filter>Generated Files\msvc2017\Win32\Debug</Filter>
    </ClCompile>
    <ClCompile Include="..\..\..\..\Tmp\Moc\Apps\Test\ZSAppTestIpcTrace\Debug_msvc2017\Win32\moc_WdgtTestOutput.cpp">
      <Filter>Generated Files\msvc2017\Win32\Debug</Filter>
    </ClCompile>
    <ClCompile Include="..\..\..\..\Tmp\Moc\Apps\Test\ZSAppTestIpcTrace\Debug_msvc2017\Win32\moc_WidgetCentral.cpp">
      <Filter>Generated Files\msvc2017\Win32\Debug</Filter>
    </ClCompile>
    <ClCompile Include="..\..\..\..\Tmp\Moc\Apps\Test\ZSAppTestIpcTrace\Release_msvc2015\Win32\moc_App.cpp">
      <Filter>Generated Files\msvc2015\Win32\Release</Filter>
    </ClCompile>
    <ClCompile Include="..\..\..\..\Tmp\Moc\Apps\Test\ZSAppTestIpcTrace\Release_msvc2015\Win32\moc_MainWindow.cpp">
      <Filter>Generated Files\msvc2015\Win32\Release</Filter>
    </ClCompile>
    <ClCompile Include="..\..\..\..\Tmp\Moc\Apps\Test\ZSAppTestIpcTrace\Release_msvc2015\Win32\moc_Test.cpp">
      <Filter>Generated Files\msvc2015\Win32\Release</Filter>
    </ClCompile>
    <ClCompile Include="..\..\..\..\Tmp\Moc\Apps\Test\ZSAppTestIpcTrace\Release_msvc2015\Win32\moc_TestModule1.cpp">
      <Filter>Generated Files\msvc2015\Win32\Release</Filter>
    </ClCompile>
    <ClCompile Include="..\..\..\..\Tmp\Moc\Apps\Test\ZSAppTestIpcTrace\Release_msvc2015\Win32\moc_TestModule2.cpp">
      <Filter>Generated Files\msvc2015\Win32\Release</Filter>
    </ClCompile>
    <ClCompile Include="..\..\..\..\Tmp\Moc\Apps\Test\ZSAppTestIpcTrace\Release_msvc2015\Win32\moc_WdgtTestOutput.cpp">
      <Filter>Generated Files\msvc2015\Win32\Release</Filter>
    </ClCompile>
    <ClCompile Include="..\..\..\..\Tmp\Moc\Apps\Test\ZSAppTestIpcTrace\Release_msvc2015\Win32\moc_WidgetCentral.cpp">
      <Filter>Generated Files\msvc2015\Win32\Release</Filter>
    </ClCompile>
    <ClCompile Include="..\..\..\..\Tmp\Moc\Apps\Test\ZSAppTestIpcTrace\Debug_msvc2015\Win32\moc_App.cpp">
      <Filter>Generated Files\msvc2015\Win32\Debug</Filter>
    </ClCompile>
    <ClCompile Include="..\..\..\..\Tmp\Moc\Apps\Test\ZSAppTestIpcTrace\Debug_msvc2015\Win32\moc_MainWindow.cpp">
      <Filter>Generated Files\msvc2015\Win32\Debug</Filter>
    </ClCompile>
    <ClCompile Include="..\..\..\..\Tmp\Moc\Apps\Test\ZSAppTestIpcTrace\Debug_msvc2015\Win32\moc_Test.cpp">
      <Filter>Generated Files\msvc2015\Win32\Debug</Filter>
    </ClCompile>
    <ClCompile Include="..\..\..\..\Tmp\Moc\Apps\Test\ZSAppTestIpcTrace\Debug_msvc2015\Win32\moc_TestModule1.cpp">
      <Filter>Generated Files\msvc2015\Win32\Debug</Filter>
    </ClCompile>
    <ClCompile Include="..\..\..\..\Tmp\Moc\Apps\Test\ZSAppTestIpcTrace\Debug_msvc2015\Win32\moc_TestModule2.cpp">
      <Filter>Generated Files\msvc2015\Win32\Debug</Filter>
    </ClCompile>
    <ClCompile Include="..\..\..\..\Tmp\Moc\Apps\Test\ZSAppTestIpcTrace\Debug_msvc2015\Win32\moc_WdgtTestOutput.cpp">
      <Filter>Generated Files\msvc2015\Win32\Debug</Filter>
    </ClCompile>
    <ClCompile Include="..\..\..\..\Tmp\Moc\Apps\Test\ZSAppTestIpcTrace\Debug_msvc2015\Win32\moc_WidgetCentral.cpp">
      <Filter>Generated Files\msvc2015\Win32\Debug</Filter>
    </ClCompile>
    <ClCompile Include="..\..\..\..\Tmp\Moc\Apps\Test\ZSAppTestIpcTrace\Release_msvc2017\x64\moc_App.cpp">
      <Filter>Generated Files\msvc2017\x64\Release</Filter>
    </ClCompile>
    <ClCompile Include="..\..\..\..\Tmp\Moc\Apps\Test\ZSAppTestIpcTrace\Release_msvc2017\x64\moc_MainWindow.cpp">
      <Filter>Generated Files\msvc2017\x64\Release</Filter>
    </ClCompile>
    <ClCompile Include="..\..\..\..\Tmp\Moc\Apps\Test\ZSAppTestIpcTrace\Release_msvc2017\x64\moc_Test.cpp">
      <Filter>Generated Files\msvc2017\x64\Release</Filter>
    </ClCompile>
    <ClCompile Include="..\..\..\..\Tmp\Moc\Apps\Test\ZSAppTestIpcTrace\Release_msvc2017\x64\moc_TestModule1.cpp">
      <Filter>Generated Files\msvc2017\x64\Release</Filter>
    </ClCompile>
    <ClCompile Include="..\..\..\..\Tmp\Moc\Apps\Test\ZSAppTestIpcTrace\Release_msvc2017\x64\moc_TestModule2.cpp">
      <Filter>Generated Files\msvc2017\x64\Release</Filter>
    </ClCompile>
    <ClCompile Include="..\..\..\..\Tmp\Moc\Apps\Test\ZSAppTestIpcTrace\Release_msvc2017\x64\moc_WdgtTestOutput.cpp">
      <Filter>Generated Files\msvc2017\x64\Release</Filter>
    </ClCompile>
    <ClCompile Include="..\..\..\..\Tmp\Moc\Apps\Test\ZSAppTestIpcTrace\Release_msvc2017\x64\moc_WidgetCentral.cpp">
      <Filter>Generated Files\msvc2017\x64\Release</Filter>
    </ClCompile>
    <ClCompile Include="..\..\..\..\Tmp\Moc\Apps\Test\ZSAppTestIpcTrace\Debug_msvc2019\x64\moc_App.cpp">
      <Filter>Generated Files\msvc2019\x64\Debug</Filter>
    </ClCompile>
    <ClCompile Include="..\..\..\..\Tmp\Moc\Apps\Test\ZSAppTestIpcTrace\Debug_msvc2019\x64\moc_MainWindow.cpp">
      <Filter>Generated Files\msvc2019\x64\Debug</Filter>
    </ClCompile>
    <ClCompile Include="..\..\..\..\Tmp\Moc\Apps\Test\ZSAppTestIpcTrace\Debug_msvc2019\x64\moc_Test.cpp">
      <Filter>Generated Files\msvc2019\x64\Debug</Filter>
    </ClCompile>
    <ClCompile Include="..\..\..\..\Tmp\Moc\Apps\Test\ZSAppTestIpcTrace\Debug_msvc2019\x64\moc_TestModule1.cpp">
      <Filter>Generated Files\msvc2019\x64\Debug</Filter>
    </ClCompile>
    <ClCompile Include="..\..\..\..\Tmp\Moc\Apps\Test\ZSAppTestIpcTrace\Debug_msvc2019\x64\moc_TestModule2.cpp">
      <Filter>Generated Files\msvc2019\x64\Debug</Filter>
    </ClCompile>
    <ClCompile Include="..\..\..\..\Tmp\Moc\Apps\Test\ZSAppTestIpcTrace\Debug_msvc2019\x64\moc_WdgtTestOutput.cpp">
      <Filter>Generated Files\msvc2019\x64\Debug</Filter>
    </ClCompile>
    <ClCompile Include="..\..\..\..\Tmp\Moc\Apps\Test\ZSAppTestIpcTrace\Debug_msvc2019\x64\moc_WidgetCentral.cpp">
      <Filter>Generated Files\msvc2019\x64\Debug</Filter>
    </ClCompile>
    <ClCompile Include="..\..\..\..\Tmp\Moc\Apps\Test\ZSAppTestIpcTrace\Release_msvc2019\x64\moc_App.cpp">
      <Filter>Generated Files\msvc2019\x64\Release</Filter>
    </ClCompile>
    <ClCompile Include="..\..\..\..\Tmp\Moc\Apps\Test\ZSAppTestIpcTrace\Release_msvc2019\x64\moc_MainWindow.cpp">
      <Filter>Generated Files\msvc2019\x64\Release</Filter>
    </ClCompile>
    <ClCompile Include="..\..\..\..\Tmp\Moc\Apps\Test\ZSAppTestIpcTrace\Release_msvc2019\x64\moc_Test.cpp">
      <Filter>Generated Files\msvc2019\x64\Release</Filter>
    </ClCompile>
    <ClCompile Include="..\..\..\..\Tmp\Moc\Apps\Test\ZSAppTestIpcTrace\Release_msvc2019\x64\moc_TestModule1.cpp">
      <Filter>Generated Files\msvc2019\x64\Release</Filter>
    </ClCompile>
    <ClCompile Include="..\..\..\..\Tmp\Moc\Apps\Test\ZSAppTestIpcTrace\Release_msvc2019\x64\moc_TestModule2.cpp">
      <Filter>Generated Files\msvc2019\x64\Release</Filter>
    </ClCompile>
    <ClCompile Include="..\..\..\..\Tmp\Moc\Apps\Test\ZSAppTestIpcTrace\Release_msvc2019\x64\moc_WdgtTestOutput.cpp">
      <Filter>Generated Files\msvc2019\x64\Release</Filter>
    </ClCompile>
    <ClCompile Include="..\..\..\..\Tmp\Moc\Apps\Test\ZSAppTestIpcTrace\Release_msvc2019\x64\moc_WidgetCentral.cpp">
      <Filter>Generated Files\msvc2019\x64\Release</Filter>
    </ClCompile>
    <ClCompile Include="..\..\..\..\Tmp\Moc\Apps\Test\ZSAppTestIpcTrace\Release_msvc2019\Win32\moc_App.cpp">
      <Filter>Generated Files\msvc2019\Win32\Release</Filter>
    </ClCompile>
    <ClCompile Include="..\..\..\..\Tmp\Moc\Apps\Test\ZSAppTestIpcTrace\Release_msvc2019\Win32\moc_MainWindow.cpp">
      <Filter>Generated Files\msvc2019\Win32\Release</Filter>
    </ClCompile>
    <ClCompile Include="..\..\..\..\Tmp\Moc\Apps\Test\ZSAppTestIpcTrace\Release_msvc2019\Win32\moc_Test.cpp">
      <Filter>Generated Files\msvc2019\Win32\Release</Filter>
    </ClCompile>
    <ClCompile Include="..\..\..\..\Tmp\Moc\Apps\Test\ZSAppTestIpcTrace\Release_msvc2019\Win32\moc_TestModule1.cpp">
      <Filter>Generated Files\msvc2019\Win32\Release</Filter>
    </ClCompile>
    <ClCompile Include="..\..\..\..\Tmp\Moc\Apps\Test\ZSAppTestIpcTrace\Release_msvc2019\Win32\moc_TestModule2.cpp">
      <Filter>Generated Files\msvc2019\Win32\Release</Filter>
    </ClCompile>
    <ClCompile Include="..\..\..\..\Tmp\Moc\Apps\Test\ZSAppTestIpcTrace\Release_msvc2019\Win32\moc_WdgtTestOutput.cpp">
      <Filter>Generated Files\msvc2019\Win32\Release</Filter>
    </ClCompile>
    <ClCompile Include="..\..\..\..\Tmp\Moc\Apps\Test\ZSAppTestIpcTrace\Release_msvc2019\Win32\moc_WidgetCentral.cpp">
      <Filter>Generated Files\msvc2019\Win32\Release</Filter>
    </ClCompile>
    <ClCompile Include="..\..\..\..\Tmp\Moc\Apps\Test\ZSAppTestIpcTrace\Debug_msvc2019\Win32\moc_App.cpp">
      <Filter>Generated Files\msvc2019\Win32\Debug</Filter>
    </ClCompile>
    <ClCompile Include="..\..\..\..\Tmp\Moc\Apps\Test\ZSAppTestIpcTrace\Debug_msvc2019\Win32\moc_MainWindow.cpp">
      <Filter>Generated Files\msvc2019\Win32\Debug</Filter>
    </ClCompile>
    <ClCompile Include="..\..\..\..\Tmp\Moc\Apps\Test\ZSAppTestIpcTrace\Debug_msvc2019\Win32\moc_Test.cpp">
      <Filter>Generated Files\msvc2019\Win32\Debug</Filter>
    </ClCompile>
    <ClCompile Include="..\..\..\..\Tmp\Moc\Apps\Test\ZSAppTestIpcTrace\Debug_msvc2019\Win32\moc_TestModule1.cpp">
      <Filter>Generated Files\msvc2019\Win32\Debug</Filter>
    </ClCompile>
    <ClCompile Include="..\..\..\..\Tmp\Moc\Apps\Test\ZSAppTestIpcTrace\Debug_msvc2019\Win32\moc_TestModule2.cpp">
      <Filter>Generated Files\msvc2019\Win32\Debug</Filter>
    </ClCompile>
    <ClCompile Include="..\..\..\..\Tmp\Moc\Apps\Test\ZSAppTestIpcTrace\Debug_msvc2019\Win32\moc_WdgtTestOutput.cpp">
      <Filter>Generated Files\msvc2019\Win32\Debug</Filter>
    </ClCompile>
    <ClCompile Include="..\..\..\..\Tmp\Moc\Apps\Test\ZSAppTestIpcTrace\Debug_msvc2019\Win32\moc_WidgetCentral.cpp">
      <Filter>Generated Files\msvc2019\Win32\Debug</Filter>
    </ClCompile>
  </ItemGroup>
  <ItemGroup>
    <CustomBuild Include="..\..\..\..\Include\Apps\Test\ZSIpcTrace\App.h">
      <Filter>Include Files</Filter>
    </CustomBuild>
    <CustomBuild Include="..\..\..\..\Include\Apps\Test\ZSIpcTrace\MainWindow.h">
      <Filter>Include Files</Filter>
    </CustomBuild>
    <CustomBuild Include="..\..\..\..\Include\Apps\Test\ZSIpcTrace\TestModule1.h">
      <Filter>Include Files</Filter>
    </CustomBuild>
    <CustomBuild Include="..\..\..\..\Include\Apps\Test\ZSIpcTrace\TestModule2.h">
      <Filter>Include Files</Filter>
    </CustomBuild>
    <CustomBuild Include="..\..\..\..\Include\Apps\Test\ZSIpcTrace\WidgetCentral.h">
      <Filter>Include Files</Filter>
    </CustomBuild>
    <CustomBuild Include="..\..\..\..\Include\Apps\Test\ZSIpcTrace\WdgtTestOutput.h">
      <Filter>Include Files</Filter>
    </CustomBuild>
    <CustomBuild Include="..\..\..\..\Include\Apps\Test\ZSIpcTrace\Test.h">
      <Filter>Include Files</Filter>
    </CustomBuild>
  </ItemGroup>
  <ItemGroup>
    <ClInclude Include="..\..\..\..\Include\Apps\Test\ZSIpcTrace\MsgTest.h">
      <Filter>Include Files</Filter>
    </ClInclude>
  </ItemGroup>
  <ItemGroup>
    <Text Include="CMakeLists.txt" />
  </ItemGroup>
</Project>