<?xml version="1.0" encoding="utf-8"?>
<Project ToolsVersion="4.0" xmlns="http://schemas.microsoft.com/developer/msbuild/2003">
  <ItemGroup>
    <Filter Include="Source Files">
      <UniqueIdentifier>{4FC737F1-C7A5-4376-A066-2A32D752A2FF}</UniqueIdentifier>
      <Extensions>cpp;c;cxx;def;odl;idl;hpj;bat;asm;asmx</Extensions>
    </Filter>
    <Filter Include="Header Files">
      <UniqueIdentifier>{93995380-89BD-4b04-88EB-625FBE52EBFB}</UniqueIdentifier>
      <Extensions>h;hpp;hxx;hm;inl;inc;xsd</Extensions>
    </Filter>
    <Filter Include="Resource Files">
      <UniqueIdentifier>{67DA6AB6-F800-4c08-8B7A-83BB121AAD01}</UniqueIdentifier>
      <Extensions>rc;ico;cur;bmp;dlg;rc2;rct;bin;rgs;gif;jpg;jpeg;jpe;resx</Extensions>
    </Filter>
    <Filter Include="Generated Files">
      <UniqueIdentifier>{254e2974-8dcb-4a5d-b765-62b84030cf62}</UniqueIdentifier>
    </Filter>
    <Filter Include="Generated Files\Win32">
      <UniqueIdentifier>{e5dbbb50-a95c-424f-8d39-38cb499ce674}</UniqueIdentifier>
    </Filter>
    <Filter Include="Generated Files\Win32\Debug">
      <UniqueIdentifier>{a2756734-988d-410a-af84-40c5e067a6e8}</UniqueIdentifier>
    </Filter>
    <Filter Include="Generated Files\Win32\Release">
      <UniqueIdentifier>{2abb61d3-275b-46af-b817-9eab5bcc63d4}</UniqueIdentifier>
    </Filter>
    <Filter Include="Generated Files\x64">
      <UniqueIdentifier>{5595ba21-c93e-48bd-a2c1-cd07e9fbec7c}</UniqueIdentifier>
    </Filter>
    <Filter Include="Generated Files\x64\Debug">
      <UniqueIdentifier>{3ef3abfa-ee92-4518-bd39-9f505c679409}</UniqueIdentifier>
    </Filter>
    <Filter Include="Generated Files\x64\Release">
      <UniqueIdentifier>{7842874a-b385-449d-8809-45d06fd9bc58}</UniqueIdentifier>
    </Filter>
  </ItemGroup>
  <ItemGroup>
    <ClCompile Include="..\..\..\Source\ZSDiagram\ZSDiagObj.cpp">
      <Filter>Source Files</Filter>
    </ClCompile>
    <ClCompile Include="..\..\..\Source\ZSDiagram\ZSDiagObjAxisLabel.cpp">
      <Filter>Source Files</Filter>
    </ClCompile>
    <ClCompile Include="..\..\..\Source\ZSDiagram\ZSDiagObjCurve.cpp">
      <Filter>Source Files</Filter>
    </ClCompile>
    <ClCompile Include="..\..\..\Source\ZSDiagram\ZSDiagObjErrInfo.cpp">
      <Filter>Source Files</Filter>
    </ClCompile>
    <ClCompile Include="..\..\..\Source\ZSDiagram\ZSDiagObjGrid.cpp">
      <Filter>Source Files</Filter>
    </ClCompile>
    <ClCompile Include="..\..\..\Source\ZSDiagram\ZSDiagObjHistogram.cpp">
      <Filter>Source Files</Filter>
    </ClCompile>
    <ClCompile Include="..\..\..\Source\ZSDiagram\ZSDiagObjLabel.cpp">
      <Filter>Source Files</Filter>
    </ClCompile>
    <ClCompile Include="..\..\..\Source\ZSDiagram\ZSDiagObjLine.cpp">
      <Filter>Source Files</Filter>
    </ClCompile>
    <ClCompile Include="..\..\..\Source\ZSDiagram\ZSDiagObjMarker.cpp">
      <Filter>Source Files</Filter>
    </ClCompile>
    <ClCompile Include="..\..\..\Source\ZSDiagram\ZSDiagObjProgressBar.cpp">
      <Filter>Source Files</Filter>
    </ClCompile>
    <ClCompile Include="..\..\..\Source\ZSDiagram\ZSDiagObjTable.cpp">
      <Filter>Source Files</Filter>
    </ClCompile>
    <ClCompile Include="..\..\..\Source\ZSDiagram\ZSDiagObjValueProvider.cpp">
      <Filter>Source Files</Filter>
    </ClCompile>
    <ClCompile Include="..\..\..\Source\ZSDiagram\ZSDiagram.cpp">
      <Filter>Source Files</Filter>
    </ClCompile>
    <ClCompile Include="..\..\..\Source\ZSDiagram\ZSDiagramAux.cpp">
      <Filter>Source Files</Filter>
    </ClCompile>
    <ClCompile Include="..\..\..\Source\ZSDiagram\ZSDiagramDllMain.cpp">
      <Filter>Source Files</Filter>
    </ClCompile>
    <ClCompile Include="..\..\..\Source\ZSDiagram\ZSDiagramFrameStyles.cpp">
      <Filter>Source Files</Filter>
    </ClCompile>
    <ClCompile Include="..\..\..\Source\ZSDiagram\ZSDiagramImageStyles.cpp">
      <Filter>Source Files</Filter>
    </ClCompile>
    <ClCompile Include="..\..\..\Source\ZSDiagram\ZSDiagramLabelStyles.cpp">
      <Filter>Source Files</Filter>
    </ClCompile>
    <ClCompile Include="..\..\..\Source\ZSDiagram\ZSDiagramLineStyles.cpp">
      <Filter>Source Files</Filter>
    </ClCompile>
    <ClCompile Include="..\..\..\Source\ZSDiagram\ZSDiagramMsg.cpp">
      <Filter>Source Files</Filter>
    </ClCompile>
    <ClCompile Include="..\..\..\Source\ZSDiagram\ZSDiagramToolTipStyles.cpp">
      <Filter>Source Files</Filter>
    </ClCompile>
    <ClCompile Include="..\..\..\Source\ZSDiagram\ZSDiagScale.cpp">
      <Filter>Source Files</Filter>
    </ClCompile>
    <ClCompile Include="..\..\..\Source\ZSDiagram\ZSDiagTrace.cpp">
      <Filter>Source Files</Filter>
    </ClCompile>
    <ClCompile Include="..\..\..\Tmp\Moc\ZSDiagram\Win32\Debug\emb_ZSDiagram.cpp">
      <Filter>Generated Files\Win32\Debug</Filter>
    </ClCompile>
    <ClCompile Include="..\..\..\Tmp\Moc\ZSDiagram\Win32\Debug\moc_ZSDiagObj.cpp">
      <Filter>Generated Files\Win32\Debug</Filter>
    </ClCompile>
    <ClCompile Include="..\..\..\Tmp\Moc\ZSDiagram\Win32\Debug\moc_ZSDiagObjErrInfo.cpp">
      <Filter>Generated Files\Win32\Debug</Filter>
    </ClCompile>
    <ClCompile Include="..\..\..\Tmp\Moc\ZSDiagram\Win32\Debug\moc_ZSDiagObjMarker.cpp">
      <Filter>Generated Files\Win32\Debug</Filter>
    </ClCompile>
    <ClCompile Include="..\..\..\Tmp\Moc\ZSDiagram\Win32\Debug\moc_ZSDiagObjProgressBar.cpp">
      <Filter>Generated Files\Win32\Debug</Filter>
    </ClCompile>
    <ClCompile Include="..\..\..\Tmp\Moc\ZSDiagram\Win32\Debug\moc_ZSDiagObjTable.cpp">
      <Filter>Generated Files\Win32\Debug</Filter>
    </ClCompile>
    <ClCompile Include="..\..\..\Tmp\Moc\ZSDiagram\Win32\Debug\moc_ZSDiagObjValueProvider.cpp">
      <Filter>Generated Files\Win32\Debug</Filter>
    </ClCompile>
    <ClCompile Include="..\..\..\Tmp\Moc\ZSDiagram\Win32\Debug\moc_ZSDiagram.cpp">
      <Filter>Generated Files\Win32\Debug</Filter>
    </ClCompile>
    <ClCompile Include="..\..\..\Tmp\Moc\ZSDiagram\Win32\Debug\moc_ZSDiagScale.cpp">
      <Filter>Generated Files\Win32\Debug</Filter>
    </ClCompile>
    <ClCompile Include="..\..\..\Tmp\Moc\ZSDiagram\Win32\Debug\moc_ZSDiagTrace.cpp">
      <Filter>Generated Files\Win32\Debug</Filter>
    </ClCompile>
    <ClCompile Include="..\..\..\Tmp\Moc\ZSDiagram\Win32\Release\emb_ZSDiagram.cpp">
      <Filter>Generated Files\Win32\Release</Filter>
    </ClCompile>
    <ClCompile Include="..\..\..\Tmp\Moc\ZSDiagram\Win32\Release\moc_ZSDiagObj.cpp">
      <Filter>Generated Files\Win32\Release</Filter>
    </ClCompile>
    <ClCompile Include="..\..\..\Tmp\Moc\ZSDiagram\Win32\Release\moc_ZSDiagObjErrInfo.cpp">
      <Filter>Generated Files\Win32\Release</Filter>
    </ClCompile>
    <ClCompile Include="..\..\..\Tmp\Moc\ZSDiagram\Win32\Release\moc_ZSDiagObjMarker.cpp">
      <Filter>Generated Files\Win32\Release</Filter>
    </ClCompile>
    <ClCompile Include="..\..\..\Tmp\Moc\ZSDiagram\Win32\Release\moc_ZSDiagObjProgressBar.cpp">
      <Filter>Generated Files\Win32\Release</Filter>
    </ClCompile>
    <ClCompile Include="..\..\..\Tmp\Moc\ZSDiagram\Win32\Release\moc_ZSDiagObjTable.cpp">
      <Filter>Generated Files\Win32\Release</Filter>
    </ClCompile>
    <ClCompile Include="..\..\..\Tmp\Moc\ZSDiagram\Win32\Release\moc_ZSDiagObjValueProvider.cpp">
      <Filter>Generated Files\Win32\Release</Filter>
    </ClCompile>
    <ClCompile Include="..\..\..\Tmp\Moc\ZSDiagram\Win32\Release\moc_ZSDiagram.cpp">
      <Filter>Generated Files\Win32\Release</Filter>
    </ClCompile>
    <ClCompile Include="..\..\..\Tmp\Moc\ZSDiagram\Win32\Release\moc_ZSDiagScale.cpp">
      <Filter>Generated Files\Win32\Release</Filter>
    </ClCompile>
    <ClCompile Include="..\..\..\Tmp\Moc\ZSDiagram\Win32\Release\moc_ZSDiagTrace.cpp">
      <Filter>Generated Files\Win32\Release</Filter>
    </ClCompile>
    <ClCompile Include="..\..\..\Tmp\Moc\ZSDiagram\x64\Debug\emb_ZSDiagram.cpp">
      <Filter>Generated Files\x64\Debug</Filter>
    </ClCompile>
    <ClCompile Include="..\..\..\Tmp\Moc\ZSDiagram\x64\Debug\moc_ZSDiagObj.cpp">
      <Filter>Generated Files\x64\Debug</Filter>
    </ClCompile>
    <ClCompile Include="..\..\..\Tmp\Moc\ZSDiagram\x64\Debug\moc_ZSDiagObjErrInfo.cpp">
      <Filter>Generated Files\x64\Debug</Filter>
    </ClCompile>
    <ClCompile Include="..\..\..\Tmp\Moc\ZSDiagram\x64\Debug\moc_ZSDiagObjMarker.cpp">
      <Filter>Generated Files\x64\Debug</Filter>
    </ClCompile>
    <ClCompile Include="..\..\..\Tmp\Moc\ZSDiagram\x64\Debug\moc_ZSDiagObjProgressBar.cpp">
      <Filter>Generated Files\x64\Debug</Filter>
    </ClCompile>
    <ClCompile Include="..\..\..\Tmp\Moc\ZSDiagram\x64\Debug\moc_ZSDiagObjTable.cpp">
      <Filter>Generated Files\x64\Debug</Filter>
    </ClCompile>
    <ClCompile Include="..\..\..\Tmp\Moc\ZSDiagram\x64\Debug\moc_ZSDiagObjValueProvider.cpp">
      <Filter>Generated Files\x64\Debug</Filter>
    </ClCompile>
    <ClCompile Include="..\..\..\Tmp\Moc\ZSDiagram\x64\Debug\moc_ZSDiagram.cpp">
      <Filter>Generated Files\x64\Debug</Filter>
    </ClCompile>
    <ClCompile Include="..\..\..\Tmp\Moc\ZSDiagram\x64\Debug\moc_ZSDiagScale.cpp">
      <Filter>Generated Files\x64\Debug</Filter>
    </ClCompile>
    <ClCompile Include="..\..\..\Tmp\Moc\ZSDiagram\x64\Debug\moc_ZSDiagTrace.cpp">
      <Filter>Generated Files\x64\Debug</Filter>
    </ClCompile>
    <ClCompile Include="..\..\..\Tmp\Moc\ZSDiagram\x64\Release\emb_ZSDiagram.cpp">
      <Filter>Generated Files\x64\Release</Filter>
    </ClCompile>
    <ClCompile Include="..\..\..\Tmp\Moc\ZSDiagram\x64\Release\moc_ZSDiagObj.cpp">
      <Filter>Generated Files\x64\Release</Filter>
    </ClCompile>
    <ClCompile Include="..\..\..\Tmp\Moc\ZSDiagram\x64\Release\moc_ZSDiagObjErrInfo.cpp">
      <Filter>Generated Files\x64\Release</Filter>
    </ClCompile>
    <ClCompile Include="..\..\..\Tmp\Moc\ZSDiagram\x64\Release\moc_ZSDiagObjMarker.cpp">
      <Filter>Generated Files\x64\Release</Filter>
    </ClCompile>
    <ClCompile Include="..\..\..\Tmp\Moc\ZSDiagram\x64\Release\moc_ZSDiagObjProgressBar.cpp">
      <Filter>Generated Files\x64\Release</Filter>
    </ClCompile>
    <ClCompile Include="..\..\..\Tmp\Moc\ZSDiagram\x64\Release\moc_ZSDiagObjTable.cpp">
      <Filter>Generated Files\x64\Release</Filter>
    </ClCompile>
    <ClCompile Include="..\..\..\Tmp\Moc\ZSDiagram\x64\Release\moc_ZSDiagObjValueProvider.cpp">
      <Filter>Generated Files\x64\Release</Filter>
    </ClCompile>
    <ClCompile Include="..\..\..\Tmp\Moc\ZSDiagram\x64\Release\moc_ZSDiagram.cpp">
      <Filter>Generated Files\x64\Release</Filter>
    </ClCompile>
    <ClCompile Include="..\..\..\Tmp\Moc\ZSDiagram\x64\Release\moc_ZSDiagScale.cpp">
      <Filter>Generated Files\x64\Release</Filter>
    </ClCompile>
    <ClCompile Include="..\..\..\Tmp\Moc\ZSDiagram\x64\Release\moc_ZSDiagTrace.cpp">
      <Filter>Generated Files\x64\Release</Filter>
    </ClCompile>
  </ItemGroup>
  <ItemGroup>
    <ClInclude Include="..\..\..\Include\ZSDiagram\ZSDiagObjAxisLabel.h">
      <Filter>Header Files</Filter>
    </ClInclude>
    <ClInclude Include="..\..\..\Include\ZSDiagram\ZSDiagObjCurve.h">
      <Filter>Header Files</Filter>
    </ClInclude>
    <ClInclude Include="..\..\..\Include\ZSDiagram\ZSDiagObjGrid.h">
      <Filter>Header Files</Filter>
    </ClInclude>
    <ClInclude Include="..\..\..\Include\ZSDiagram\ZSDiagObjHistogram.h">
      <Filter>Header Files</Filter>
    </ClInclude>
    <ClInclude Include="..\..\..\Include\ZSDiagram\ZSDiagObjLabel.h">
      <Filter>Header Files</Filter>
    </ClInclude>
    <ClInclude Include="..\..\..\Include\ZSDiagram\ZSDiagObjLine.h">
      <Filter>Header Files</Filter>
    </ClInclude>
    <ClInclude Include="..\..\..\Include\ZSDiagram\ZSDiagramAux.h">
      <Filter>Header Files</Filter>
    </ClInclude>
    <ClInclude Include="..\..\..\Include\ZSDiagram\ZSDiagramDllMain.h">
      <Filter>Header Files</Filter>
    </ClInclude>
    <ClInclude Include="..\..\..\Include\ZSDiagram\ZSDiagramFrameStyles.h">
      <Filter>Header Files</Filter>
    </ClInclude>
    <ClInclude Include="..\..\..\Include\ZSDiagram\ZSDiagramImageStyles.h">
      <Filter>Header Files</Filter>
    </ClInclude>
    <ClInclude Include="..\..\..\Include\ZSDiagram\ZSDiagramLabelStyles.h">
      <Filter>Header Files</Filter>
    </ClInclude>
    <ClInclude Include="..\..\..\Include\ZSDiagram\ZSDiagramLineStyles.h">
      <Filter>Header Files</Filter>
    </ClInclude>
    <ClInclude Include="..\..\..\Include\ZSDiagram\ZSDiagramMsg.h">
      <Filter>Header Files</Filter>
    </ClInclude>
    <ClInclude Include="..\..\..\Include\ZSDiagram\ZSDiagramToolTipStyles.h">
      <Filter>Header Files</Filter>
    </ClInclude>
  </ItemGroup>
  <ItemGroup>
    <Image Include="..\..\..\Images\ZSDiagram\SplitHCursorEditing.bmp">
      <Filter>Resource Files</Filter>
    </Image>
    <Image Include="..\..\..\Images\ZSDiagram\SplitHCursorFocused.bmp">
      <Filter>Resource Files</Filter>
    </Image>
    <Image Include="..\..\..\Images\ZSDiagram\SplitVCursorEditing.bmp">
      <Filter>Resource Files</Filter>
    </Image>
    <Image Include="..\..\..\Images\ZSDiagram\SplitVCursorFocused.bmp">
      <Filter>Resource Files</Filter>
    </Image>
  </ItemGroup>
  <ItemGroup>
    <CustomBuild Include="..\..\..\Include\ZSDiagram\ZSDiagObj.h">
      <Filter>Header Files</Filter>
    </CustomBuild>
    <CustomBuild Include="..\..\..\Include\ZSDiagram\ZSDiagObjErrInfo.h">
      <Filter>Header Files</Filter>
    </CustomBuild>
    <CustomBuild Include="..\..\..\Include\ZSDiagram\ZSDiagObjMarker.h">
      <Filter>Header Files</Filter>
    </CustomBuild>
    <CustomBuild Include="..\..\..\Include\ZSDiagram\ZSDiagObjProgressBar.h">
      <Filter>Header Files</Filter>
    </CustomBuild>
    <CustomBuild Include="..\..\..\Include\ZSDiagram\ZSDiagObjTable.h">
      <Filter>Header Files</Filter>
    </CustomBuild>
    <CustomBuild Include="..\..\..\Include\ZSDiagram\ZSDiagObjValueProvider.h">
      <Filter>Header Files</Filter>
    </CustomBuild>
    <CustomBuild Include="..\..\..\Include\ZSDiagram\ZSDiagram.h">
      <Filter>Header Files</Filter>
    </CustomBuild>
    <CustomBuild Include="..\..\..\Include\ZSDiagram\ZSDiagScale.h">
      <Filter>Header Files</Filter>
    </CustomBuild>
    <CustomBuild Include="..\..\..\Include\ZSDiagram\ZSDiagTrace.h">
      <Filter>Header Files</Filter>
    </CustomBuild>
    <CustomBuild Include="..\..\..\Images\ZSDiagram\ZSDiagram.qrc">
      <Filter>Resource Files</Filter>
    </CustomBuild>
  </ItemGroup>
</Project>