<?xml version="1.0" encoding="utf-8"?>
<Project ToolsVersion="4.0" xmlns="http://schemas.microsoft.com/developer/msbuild/2003">
  <ItemGroup>
    <Filter Include="Source Files">
      <UniqueIdentifier>{4FC737F1-C7A5-4376-A066-2A32D752A2FF}</UniqueIdentifier>
      <Extensions>cpp;c;cc;cxx;def;odl;idl;hpj;bat;asm;asmx</Extensions>
    </Filter>
    <Filter Include="Generated Files">
      <UniqueIdentifier>{93995380-89BD-4b04-88EB-625FBE52EBFB}</UniqueIdentifier>
      <Extensions>h;hpp;hxx;hm;inl;inc;xsd</Extensions>
    </Filter>
    <Filter Include="Generated Files\Win32">
      <UniqueIdentifier>{98b44fd0-f50b-4de4-a9f8-ef15fd1be595}</UniqueIdentifier>
    </Filter>
    <Filter Include="Generated Files\Win32\Debug">
      <UniqueIdentifier>{967f3b9c-b89b-49cf-a2df-97f8e28d4bde}</UniqueIdentifier>
    </Filter>
    <Filter Include="Generated Files\Win32\Release">
      <UniqueIdentifier>{0bfc5761-7ef8-429e-8466-c58bed3f5b76}</UniqueIdentifier>
    </Filter>
    <Filter Include="Resource Files">
      <UniqueIdentifier>{67DA6AB6-F800-4c08-8B7A-83BB121AAD01}</UniqueIdentifier>
      <Extensions>rc;ico;cur;bmp;dlg;rc2;rct;bin;rgs;gif;jpg;jpeg;jpe;resx;tiff;tif;png;wav</Extensions>
    </Filter>
    <Filter Include="Include Files">
      <UniqueIdentifier>{05f242f0-4619-407d-b325-e196ab89f38e}</UniqueIdentifier>
    </Filter>
    <Filter Include="Generated Files\x64">
      <UniqueIdentifier>{937ba3b7-09d0-462f-8c97-809d031f3db0}</UniqueIdentifier>
    </Filter>
    <Filter Include="Generated Files\x64\Debug">
      <UniqueIdentifier>{7a56264a-d5a7-4ef0-939f-dee7b5587836}</UniqueIdentifier>
    </Filter>
    <Filter Include="Generated Files\x64\Release">
      <UniqueIdentifier>{cf6dfde4-43d9-4550-bbd1-fcd517d073aa}</UniqueIdentifier>
    </Filter>
  </ItemGroup>
  <ItemGroup>
    <ClCompile Include="..\..\..\..\Source\Apps\Test\ZSPhysVal\App.cpp">
      <Filter>Source Files</Filter>
    </ClCompile>
    <ClCompile Include="..\..\..\..\Source\Apps\Test\ZSPhysVal\Main.cpp">
      <Filter>Source Files</Filter>
    </ClCompile>
    <ClCompile Include="..\..\..\..\Source\Apps\Test\ZSPhysVal\MainWindow.cpp">
      <Filter>Source Files</Filter>
    </ClCompile>
    <ClCompile Include="..\..\..\..\Source\Apps\Test\ZSPhysVal\Test.cpp">
      <Filter>Source Files</Filter>
    </ClCompile>
    <ClCompile Include="..\..\..\..\Source\Apps\Test\ZSPhysVal\UnitModels.cpp">
      <Filter>Source Files</Filter>
    </ClCompile>
    <ClCompile Include="..\..\..\..\Source\Apps\Test\ZSPhysVal\UnitsWdgt.cpp">
      <Filter>Source Files</Filter>
    </ClCompile>
    <ClCompile Include="..\..\..\..\Source\Apps\Test\ZSPhysVal\UnitViewWdgts.cpp">
      <Filter>Source Files</Filter>
    </ClCompile>
    <ClCompile Include="..\..\..\..\Source\Apps\Test\ZSPhysVal\WidgetCentral.cpp">
      <Filter>Source Files</Filter>
    </ClCompile>
    <ClCompile Include="..\..\..\..\Tmp\Moc\Apps\Test\ZSAppTestPhysVal\Win32\Debug\moc_App.cpp">
      <Filter>Generated Files\Win32\Debug</Filter>
    </ClCompile>
    <ClCompile Include="..\..\..\..\Tmp\Moc\Apps\Test\ZSAppTestPhysVal\Win32\Debug\moc_UnitModels.cpp">
      <Filter>Generated Files\Win32\Debug</Filter>
    </ClCompile>
    <ClCompile Include="..\..\..\..\Tmp\Moc\Apps\Test\ZSAppTestPhysVal\Win32\Debug\moc_UnitsWdgt.cpp">
      <Filter>Generated Files\Win32\Debug</Filter>
    </ClCompile>
    <ClCompile Include="..\..\..\..\Tmp\Moc\Apps\Test\ZSAppTestPhysVal\Win32\Debug\moc_UnitViewWdgts.cpp">
      <Filter>Generated Files\Win32\Debug</Filter>
    </ClCompile>
    <ClCompile Include="..\..\..\..\Tmp\Moc\Apps\Test\ZSAppTestPhysVal\Win32\Debug\moc_WidgetCentral.cpp">
      <Filter>Generated Files\Win32\Debug</Filter>
    </ClCompile>
    <ClCompile Include="..\..\..\..\Tmp\Moc\Apps\Test\ZSAppTestPhysVal\Win32\Release\moc_App.cpp">
      <Filter>Generated Files\Win32\Release</Filter>
    </ClCompile>
    <ClCompile Include="..\..\..\..\Tmp\Moc\Apps\Test\ZSAppTestPhysVal\Win32\Release\moc_UnitModels.cpp">
      <Filter>Generated Files\Win32\Release</Filter>
    </ClCompile>
    <ClCompile Include="..\..\..\..\Tmp\Moc\Apps\Test\ZSAppTestPhysVal\Win32\Release\moc_UnitsWdgt.cpp">
      <Filter>Generated Files\Win32\Release</Filter>
    </ClCompile>
    <ClCompile Include="..\..\..\..\Tmp\Moc\Apps\Test\ZSAppTestPhysVal\Win32\Release\moc_UnitViewWdgts.cpp">
      <Filter>Generated Files\Win32\Release</Filter>
    </ClCompile>
    <ClCompile Include="..\..\..\..\Tmp\Moc\Apps\Test\ZSAppTestPhysVal\Win32\Release\moc_WidgetCentral.cpp">
      <Filter>Generated Files\Win32\Release</Filter>
    </ClCompile>
    <ClCompile Include="..\..\..\..\Tmp\Moc\Apps\Test\ZSAppTestPhysVal\x64\Debug\moc_App.cpp">
      <Filter>Generated Files\x64\Debug</Filter>
    </ClCompile>
    <ClCompile Include="..\..\..\..\Tmp\Moc\Apps\Test\ZSAppTestPhysVal\x64\Debug\moc_UnitModels.cpp">
      <Filter>Generated Files\x64\Debug</Filter>
    </ClCompile>
    <ClCompile Include="..\..\..\..\Tmp\Moc\Apps\Test\ZSAppTestPhysVal\x64\Debug\moc_UnitsWdgt.cpp">
      <Filter>Generated Files\x64\Debug</Filter>
    </ClCompile>
    <ClCompile Include="..\..\..\..\Tmp\Moc\Apps\Test\ZSAppTestPhysVal\x64\Debug\moc_UnitViewWdgts.cpp">
      <Filter>Generated Files\x64\Debug</Filter>
    </ClCompile>
    <ClCompile Include="..\..\..\..\Tmp\Moc\Apps\Test\ZSAppTestPhysVal\x64\Debug\moc_WidgetCentral.cpp">
      <Filter>Generated Files\x64\Debug</Filter>
    </ClCompile>
    <ClCompile Include="..\..\..\..\Tmp\Moc\Apps\Test\ZSAppTestPhysVal\x64\Release\moc_App.cpp">
      <Filter>Generated Files\x64\Release</Filter>
    </ClCompile>
    <ClCompile Include="..\..\..\..\Tmp\Moc\Apps\Test\ZSAppTestPhysVal\x64\Release\moc_UnitModels.cpp">
      <Filter>Generated Files\x64\Release</Filter>
    </ClCompile>
    <ClCompile Include="..\..\..\..\Tmp\Moc\Apps\Test\ZSAppTestPhysVal\x64\Release\moc_UnitsWdgt.cpp">
      <Filter>Generated Files\x64\Release</Filter>
    </ClCompile>
    <ClCompile Include="..\..\..\..\Tmp\Moc\Apps\Test\ZSAppTestPhysVal\x64\Release\moc_UnitViewWdgts.cpp">
      <Filter>Generated Files\x64\Release</Filter>
    </ClCompile>
    <ClCompile Include="..\..\..\..\Tmp\Moc\Apps\Test\ZSAppTestPhysVal\x64\Release\moc_WidgetCentral.cpp">
      <Filter>Generated Files\x64\Release</Filter>
    </ClCompile>
  </ItemGroup>
  <ItemGroup>
    <CustomBuild Include="..\..\..\..\Include\Apps\Test\ZSPhysVal\App.h">
      <Filter>Include Files</Filter>
    </CustomBuild>
    <CustomBuild Include="..\..\..\..\Include\Apps\Test\ZSPhysVal\MainWindow.h">
      <Filter>Include Files</Filter>
    </CustomBuild>
    <CustomBuild Include="..\..\..\..\Include\Apps\Test\ZSPhysVal\Test.h">
      <Filter>Include Files</Filter>
    </CustomBuild>
    <CustomBuild Include="..\..\..\..\Include\Apps\Test\ZSPhysVal\UnitModels.h">
      <Filter>Include Files</Filter>
    </CustomBuild>
    <CustomBuild Include="..\..\..\..\Include\Apps\Test\ZSPhysVal\UnitsWdgt.h">
      <Filter>Include Files</Filter>
    </CustomBuild>
    <CustomBuild Include="..\..\..\..\Include\Apps\Test\ZSPhysVal\UnitViewWdgts.h">
      <Filter>Include Files</Filter>
    </CustomBuild>
    <CustomBuild Include="..\..\..\..\Include\Apps\Test\ZSPhysVal\WidgetCentral.h">
      <Filter>Include Files</Filter>
    </CustomBuild>
  </ItemGroup>
</Project>